lockfileVersion: '9.0'

settings:
  autoInstallPeers: true
  excludeLinksFromLockfile: false

importers:

  .:
    devDependencies:
      '@biomejs/biome':
        specifier: ^2.4.10
        version: 2.4.10
      '@playwright/test':
        specifier: ^1.59.1
        version: 1.59.1
      '@rsbuild/core':
        specifier: ^1.7.5
        version: 1.7.5
      '@rsbuild/plugin-react':
        specifier: ^1.4.6
        version: 1.4.6(@rsbuild/core@1.7.5)
      '@rslib/core':
        specifier: ^0.20.3
        version: 0.20.3(@emnapi/core@1.9.1)(@emnapi/runtime@1.9.1)(core-js@3.47.0)(typescript@6.0.2)
      '@types/node':
        specifier: ^24.12.2
        version: 24.12.2
      nano-staged:
        specifier: ^1.0.2
        version: 1.0.2
      playwright:
        specifier: ^1.59.1
        version: 1.59.1
      react:
        specifier: ^19.2.4
        version: 19.2.4
      react-dom:
        specifier: ^19.2.4
        version: 19.2.4(react@19.2.4)
      simple-git-hooks:
        specifier: ^2.13.1
        version: 2.13.1
      typescript:
        specifier: ^6.0.2
        version: 6.0.2

packages:

  '@ast-grep/napi-darwin-arm64@0.37.0':
    resolution: {integrity: sha512-QAiIiaAbLvMEg/yBbyKn+p1gX2/FuaC0SMf7D7capm/oG4xGMzdeaQIcSosF4TCxxV+hIH4Bz9e4/u7w6Bnk3Q==}
    engines: {node: '>= 10'}
    cpu: [arm64]
    os: [darwin]

  '@ast-grep/napi-darwin-x64@0.37.0':
    resolution: {integrity: sha512-zvcvdgekd4ySV3zUbUp8HF5nk5zqwiMXTuVzTUdl/w08O7JjM6XPOIVT+d2o/MqwM9rsXdzdergY5oY2RdhSPA==}
    engines: {node: '>= 10'}
    cpu: [x64]
    os: [darwin]

  '@ast-grep/napi-linux-arm64-gnu@0.37.0':
    resolution: {integrity: sha512-L7Sj0lXy8X+BqSMgr1LB8cCoWk0rericdeu+dC8/c8zpsav5Oo2IQKY1PmiZ7H8IHoFBbURLf8iklY9wsD+cyA==}
    engines: {node: '>= 10'}
    cpu: [arm64]
    os: [linux]
    libc: [glibc]

  '@ast-grep/napi-linux-arm64-musl@0.37.0':
    resolution: {integrity: sha512-LF9sAvYy6es/OdyJDO3RwkX3I82Vkfsng1sqUBcoWC1jVb1wX5YVzHtpQox9JrEhGl+bNp7FYxB4Qba9OdA5GA==}
    engines: {node: '>= 10'}
    cpu: [arm64]
    os: [linux]
    libc: [musl]

  '@ast-grep/napi-linux-x64-gnu@0.37.0':
    resolution: {integrity: sha512-TViz5/klqre6aSmJzswEIjApnGjJzstG/SE8VDWsrftMBMYt2PTu3MeluZVwzSqDao8doT/P+6U11dU05UOgxw==}
    engines: {node: '>= 10'}
    cpu: [x64]
    os: [linux]
    libc: [glibc]

  '@ast-grep/napi-linux-x64-musl@0.37.0':
    resolution: {integrity: sha512-/BcCH33S9E3ovOAEoxYngUNXgb+JLg991sdyiNP2bSoYd30a9RHrG7CYwW6fMgua3ijQ474eV6cq9yZO1bCpXg==}
    engines: {node: '>= 10'}
    cpu: [x64]
    os: [linux]
    libc: [musl]

  '@ast-grep/napi-win32-arm64-msvc@0.37.0':
    resolution: {integrity: sha512-TjQA4cFoIEW2bgjLkaL9yqT4XWuuLa5MCNd0VCDhGRDMNQ9+rhwi9eLOWRaap3xzT7g+nlbcEHL3AkVCD2+b3A==}
    engines: {node: '>= 10'}
    cpu: [arm64]
    os: [win32]

  '@ast-grep/napi-win32-ia32-msvc@0.37.0':
    resolution: {integrity: sha512-uNmVka8fJCdYsyOlF9aZqQMLTatEYBynjChVTzUfFMDfmZ0bihs/YTqJVbkSm8TZM7CUX82apvn50z/dX5iWRA==}
    engines: {node: '>= 10'}
    cpu: [ia32]
    os: [win32]

  '@ast-grep/napi-win32-x64-msvc@0.37.0':
    resolution: {integrity: sha512-vCiFOT3hSCQuHHfZ933GAwnPzmL0G04JxQEsBRfqONywyT8bSdDc/ECpAfr3S9VcS4JZ9/F6tkePKW/Om2Dq2g==}
    engines: {node: '>= 10'}
    cpu: [x64]
    os: [win32]

  '@ast-grep/napi@0.37.0':
    resolution: {integrity: sha512-Hb4o6h1Pf6yRUAX07DR4JVY7dmQw+RVQMW5/m55GoiAT/VRoKCWBtIUPPOnqDVhbx1Cjfil9b6EDrgJsUAujEQ==}
    engines: {node: '>= 10'}

  '@biomejs/biome@2.4.10':
    resolution: {integrity: sha512-xxA3AphFQ1geij4JTHXv4EeSTda1IFn22ye9LdyVPoJU19fNVl0uzfEuhsfQ4Yue/0FaLs2/ccVi4UDiE7R30w==}
    engines: {node: '>=14.21.3'}
    hasBin: true

  '@biomejs/cli-darwin-arm64@2.4.10':
    resolution: {integrity: sha512-vuzzI1cWqDVzOMIkYyHbKqp+AkQq4K7k+UCXWpkYcY/HDn1UxdsbsfgtVpa40shem8Kax4TLDLlx8kMAecgqiw==}
    engines: {node: '>=14.21.3'}
    cpu: [arm64]
    os: [darwin]

  '@biomejs/cli-darwin-x64@2.4.10':
    resolution: {integrity: sha512-14fzASRo+BPotwp7nWULy2W5xeUyFnTaq1V13Etrrxkrih+ez/2QfgFm5Ehtf5vSjtgx/IJycMMpn5kPd5ZNaA==}
    engines: {node: '>=14.21.3'}
    cpu: [x64]
    os: [darwin]

  '@biomejs/cli-linux-arm64-musl@2.4.10':
    resolution: {integrity: sha512-WrJY6UuiSD/Dh+nwK2qOTu8kdMDlLV3dLMmychIghHPAysWFq1/DGC1pVZx8POE3ZkzKR3PUUnVrtZfMfaJjyQ==}
    engines: {node: '>=14.21.3'}
    cpu: [arm64]
    os: [linux]
    libc: [musl]

  '@biomejs/cli-linux-arm64@2.4.10':
    resolution: {integrity: sha512-7MH1CMW5uuxQ/s7FLST63qF8B3Hgu2HRdZ7tA1X1+mk+St4JOuIrqdhIBnnyqeyWJNI+Bww7Es5QZ0wIc1Cmkw==}
    engines: {node: '>=14.21.3'}
    cpu: [arm64]
    os: [linux]
    libc: [glibc]

  '@biomejs/cli-linux-x64-musl@2.4.10':
    resolution: {integrity: sha512-kDTi3pI6PBN6CiczsWYOyP2zk0IJI08EWEQyDMQWW221rPaaEz6FvjLhnU07KMzLv8q3qSuoB93ua6inSQ55Tw==}
    engines: {node: '>=14.21.3'}
    cpu: [x64]
    os: [linux]
    libc: [musl]

  '@biomejs/cli-linux-x64@2.4.10':
    resolution: {integrity: sha512-tZLvEEi2u9Xu1zAqRjTcpIDGVtldigVvzug2fTuPG0ME/g8/mXpRPcNgLB22bGn6FvLJpHHnqLnwliOu8xjYrg==}
    engines: {node: '>=14.21.3'}
    cpu: [x64]
    os: [linux]
    libc: [glibc]

  '@biomejs/cli-win32-arm64@2.4.10':
    resolution: {integrity: sha512-umwQU6qPzH+ISTf/eHyJ/QoQnJs3V9Vpjz2OjZXe9MVBZ7prgGafMy7yYeRGnlmDAn87AKTF3Q6weLoMGpeqdQ==}
    engines: {node: '>=14.21.3'}
    cpu: [arm64]
    os: [win32]

  '@biomejs/cli-win32-x64@2.4.10':
    resolution: {integrity: sha512-aW/JU5GuyH4uxMrNYpoC2kjaHlyJGLgIa3XkhPEZI0uKhZhJZU8BuEyJmvgzSPQNGozBwWjC972RaNdcJ9KyJg==}
    engines: {node: '>=14.21.3'}
    cpu: [x64]
    os: [win32]

  '@emnapi/core@1.9.1':
    resolution: {integrity: sha512-mukuNALVsoix/w1BJwFzwXBN/dHeejQtuVzcDsfOEsdpCumXb/E9j8w11h5S54tT1xhifGfbbSm/ICrObRb3KA==}

  '@emnapi/runtime@1.9.1':
    resolution: {integrity: sha512-VYi5+ZVLhpgK4hQ0TAjiQiZ6ol0oe4mBx7mVv7IflsiEp0OWoVsp/+f9Vc1hOhE0TtkORVrI1GvzyreqpgWtkA==}

  '@emnapi/wasi-threads@1.2.0':
    resolution: {integrity: sha512-N10dEJNSsUx41Z6pZsXU8FjPjpBEplgH24sfkmITrBED1/U2Esum9F3lfLrMjKHHjmi557zQn7kR9R+XWXu5Rg==}

  '@module-federation/error-codes@0.22.0':
    resolution: {integrity: sha512-xF9SjnEy7vTdx+xekjPCV5cIHOGCkdn3pIxo9vU7gEZMIw0SvAEdsy6Uh17xaCpm8V0FWvR0SZoK9Ik6jGOaug==}

  '@module-federation/runtime-core@0.22.0':
    resolution: {integrity: sha512-GR1TcD6/s7zqItfhC87zAp30PqzvceoeDGYTgF3Vx2TXvsfDrhP6Qw9T4vudDQL3uJRne6t7CzdT29YyVxlgIA==}

  '@module-federation/runtime-tools@0.22.0':
    resolution: {integrity: sha512-4ScUJ/aUfEernb+4PbLdhM/c60VHl698Gn1gY21m9vyC1Ucn69fPCA1y2EwcCB7IItseRMoNhdcWQnzt/OPCNA==}

  '@module-federation/runtime@0.22.0':
    resolution: {integrity: sha512-38g5iPju2tPC3KHMPxRKmy4k4onNp6ypFPS1eKGsNLUkXgHsPMBFqAjDw96iEcjri91BrahG4XcdyKi97xZzlA==}

  '@module-federation/sdk@0.22.0':
    resolution: {integrity: sha512-x4aFNBKn2KVQRuNVC5A7SnrSCSqyfIWmm1DvubjbO9iKFe7ith5niw8dqSFBekYBg2Fwy+eMg4sEFNVvCAdo6g==}

  '@module-federation/webpack-bundler-runtime@0.22.0':
    resolution: {integrity: sha512-aM8gCqXu+/4wBmJtVeMeeMN5guw3chf+2i6HajKtQv7SJfxV/f4IyNQJUeUQu9HfiAZHjqtMV5Lvq/Lvh8LdyA==}

  '@napi-rs/wasm-runtime@1.0.7':
    resolution: {integrity: sha512-SeDnOO0Tk7Okiq6DbXmmBODgOAb9dp9gjlphokTUxmt8U3liIP1ZsozBahH69j/RJv+Rfs6IwUKHTgQYJ/HBAw==}

  '@napi-rs/wasm-runtime@1.1.2':
    resolution: {integrity: sha512-sNXv5oLJ7ob93xkZ1XnxisYhGYXfaG9f65/ZgYuAu3qt7b3NadcOEhLvx28hv31PgX8SZJRYrAIPQilQmFpLVw==}
    peerDependencies:
      '@emnapi/core': ^1.7.1
      '@emnapi/runtime': ^1.7.1

  '@playwright/test@1.59.1':
    resolution: {integrity: sha512-PG6q63nQg5c9rIi4/Z5lR5IVF7yU5MqmKaPOe0HSc0O2cX1fPi96sUQu5j7eo4gKCkB2AnNGoWt7y4/Xx3Kcqg==}
    engines: {node: '>=18'}
    hasBin: true

  '@rsbuild/core@1.7.5':
    resolution: {integrity: sha512-i37urpoV4y9NSsGiUOuLdoI42KJ5h4gAZ8EG8Ilmsond3bxoAoOCu7YvC+1pJ7p+r16suVPW8cki891ZKHOoXQ==}
    engines: {node: '>=18.12.0'}
    hasBin: true

  '@rsbuild/core@2.0.0-rc.0':
    resolution: {integrity: sha512-XutQgxd71RyH9jT0x+/F0DiGqk2Q5oofZuzNZFEkSayjO1UG+uVLhK90zB4hW43qRHqGEqcWlVaNPSQ8rHLk6A==}
    engines: {node: ^20.19.0 || >=22.12.0}
    hasBin: true
    peerDependencies:
      core-js: '>= 3.0.0'
    peerDependenciesMeta:
      core-js:
        optional: true

  '@rsbuild/plugin-react@1.4.6':
    resolution: {integrity: sha512-LAT6xHlEyZKA0VjF/ph5d50iyG+WSmBx+7g98HNZUwb94VeeTMZFB8qVptTkbIRMss3BNKOXmHOu71Lhsh9oEw==}
    peerDependencies:
      '@rsbuild/core': ^1.0.0 || ^2.0.0-0
    peerDependenciesMeta:
      '@rsbuild/core':
        optional: true

  '@rslib/core@0.20.3':
    resolution: {integrity: sha512-WImc5z84oKbK0wZI5M4rk6BTK9BeYLk3lfietrR4k9e9Wk81BWR0RtPnRpDsj2+HCy8KZHCG8ZywU2QTqq36OA==}
    engines: {node: ^20.19.0 || >=22.12.0}
    hasBin: true
    peerDependencies:
      '@microsoft/api-extractor': ^7
      typescript: ^5 || ^6
    peerDependenciesMeta:
      '@microsoft/api-extractor':
        optional: true
      typescript:
        optional: true

  '@rspack/binding-darwin-arm64@1.7.10':
    resolution: {integrity: sha512-bsXi7I6TpH+a4L6okIUh1JDvwT+XcK/L7Yvhu5G2t5YYyd2fl5vMM5O9cePRpEb0RdqJZ3Z8i9WIWHap9aQ8Gw==}
    cpu: [arm64]
    os: [darwin]

  '@rspack/binding-darwin-arm64@2.0.0-rc.0':
    resolution: {integrity: sha512-F1phoByw5bMZ44TVJevn7Yw1mn1dWQ6Z3dxMQrkXoFsxwUPSNOHBX1TSkQ3rmhw2CZpFinbLL6aYjDWM6aHO5A==}
    cpu: [arm64]
    os: [darwin]

  '@rspack/binding-darwin-x64@1.7.10':
    resolution: {integrity: sha512-h/kOGL1bUflDDYnbiUjaRE9kagJpour4FatGihueV03+cRGQ6jpde+BjUakqzMx65CeDbeYI6jAiPhElnlAtRw==}
    cpu: [x64]
    os: [darwin]

  '@rspack/binding-darwin-x64@2.0.0-rc.0':
    resolution: {integrity: sha512-oVzDuXwtn1uM9ovV12gTwkTHCwN1q0U0oxfclJjEjb1EhE/a/UGGABUsLl84wSbIW1fvcd9UwAr7vBqPWsjB4Q==}
    cpu: [x64]
    os: [darwin]

  '@rspack/binding-linux-arm64-gnu@1.7.10':
    resolution: {integrity: sha512-Z4reus7UxGM4+JuhiIht8KuGP1KgM7nNhOlXUHcQCMswP/Rymj5oJQN3TDWgijFUZs09ULl8t3T+AQAVTd/WvA==}
    cpu: [arm64]
    os: [linux]
    libc: [glibc]

  '@rspack/binding-linux-arm64-gnu@2.0.0-rc.0':
    resolution: {integrity: sha512-f0EQ0uBWXmknhZ7HR8ud+AhEtLSKbMK9IFHNkhMH3rN4J6wMI+uCPAs+ZlIrNk076bv8YB/z2Amx1ByDLjOBRA==}
    cpu: [arm64]
    os: [linux]
    libc: [glibc]

  '@rspack/binding-linux-arm64-musl@1.7.10':
    resolution: {integrity: sha512-LYaoVmWizG4oQ3g+St3eM5qxsyfH07kLirP7NJcDMgvu3eQ29MeyTZ3ugkgW6LvlmJue7eTQyf6CZlanoF5SSg==}
    cpu: [arm64]
    os: [linux]
    libc: [musl]

  '@rspack/binding-linux-arm64-musl@2.0.0-rc.0':
    resolution: {integrity: sha512-+OiO3x6biWU+z/H/rBzgCJuhvZj7YkGz4w7zQk2ZEHnL8nB5pzPqFiEZesbRp+WIseAONzitn7R0qk102hBi5g==}
    cpu: [arm64]
    os: [linux]
    libc: [musl]

  '@rspack/binding-linux-x64-gnu@1.7.10':
    resolution: {integrity: sha512-aIm2G4Kcm3qxDTNqKarK0oaLY2iXnCmpRQQhAcMlR0aS2LmxL89XzVeRr9GFA1MzGrAsZONWCLkxQvn3WUbm4Q==}
    cpu: [x64]
    os: [linux]
    libc: [glibc]

  '@rspack/binding-linux-x64-gnu@2.0.0-rc.0':
    resolution: {integrity: sha512-n1XXXjTcPyCUoV+t3BPfBoF16CgsBxXI7WQuajIgQ33ifm7AEkRi8OVC2ci6908/MnYJSBFHlZvuDE42EwEstQ==}
    cpu: [x64]
    os: [linux]
    libc: [glibc]

  '@rspack/binding-linux-x64-musl@1.7.10':
    resolution: {integrity: sha512-SIHQbAgB9IPH0H3H+i5rN5jo9yA/yTMq8b7XfRkTMvZ7P7MXxJ0dE8EJu3BmCLM19sqnTc2eX+SVfE8ZMDzghA==}
    cpu: [x64]
    os: [linux]
    libc: [musl]

  '@rspack/binding-linux-x64-musl@2.0.0-rc.0':
    resolution: {integrity: sha512-EQK7SGu7FWFf1HPPvcahsk2pNL326GQY+jIg3FxGdiAWl1DtSCPrTo/eBKT3nSnXItWta1N80pN5wWVlfs/Liw==}
    cpu: [x64]
    os: [linux]
    libc: [musl]

  '@rspack/binding-wasm32-wasi@1.7.10':
    resolution: {integrity: sha512-J9HDXHD1tj+9FmX4+K3CTkO7dCE2bootlR37YuC2Owc0Lwl1/i2oGT71KHnMqI9faF/hipAaQM5OywkiiuNB7w==}
    cpu: [wasm32]

  '@rspack/binding-wasm32-wasi@2.0.0-rc.0':
    resolution: {integrity: sha512-zu+iW0kEYJd2AEEqYMSU64f98RMOXVwevnQuPtMg3WhVL79FOfkfXOlf16ZYzB8di8hpMRss7m4traGEUEyjZA==}
    cpu: [wasm32]

  '@rspack/binding-win32-arm64-msvc@1.7.10':
    resolution: {integrity: sha512-FaQGSCXH89nMOYW0bVp0bKQDQbrOEFFm7yedla7g6mkWlFVQo5UyBxid5wJUCqGJBtJepRxeRfByWiaI5nVGvg==}
    cpu: [arm64]
    os: [win32]

  '@rspack/binding-win32-arm64-msvc@2.0.0-rc.0':
    resolution: {integrity: sha512-QDOVpN0SdjrW4OicHmkuj8T7PWSqEbUs20FX2pTRBw4ReU7BABAp7wwGdtQzZIaPKDv3CTNz/1DygmInbiNgJg==}
    cpu: [arm64]
    os: [win32]

  '@rspack/binding-win32-ia32-msvc@1.7.10':
    resolution: {integrity: sha512-/66TNLOeM4R5dHhRWRVbMTgWghgxz+32ym0c/zGGXQRoMbz7210EoL40ALUgdBdeeREO8LoV+Mn7v8/QZCwHzw==}
    cpu: [ia32]
    os: [win32]

  '@rspack/binding-win32-ia32-msvc@2.0.0-rc.0':
    resolution: {integrity: sha512-89CNtgzs67FRHB+lBQoNZmjVqrrd3i+cNCqn0MzCH6Xe12XrO/2eC41gbl69mfYWIYWHpKuySkSTgOOGp0PqNQ==}
    cpu: [ia32]
    os: [win32]

  '@rspack/binding-win32-x64-msvc@1.7.10':
    resolution: {integrity: sha512-SUa3v1W7PGFCy6AHRmDsm43/tkfaZFi1TN2oIk5aCdT9T51baDVBjAbehRDu9xFbK4piL3k7uqIVSIrKgVqk1g==}
    cpu: [x64]
    os: [win32]

  '@rspack/binding-win32-x64-msvc@2.0.0-rc.0':
    resolution: {integrity: sha512-OaxuI+WHzSNoCtv0FfIw41yjCFvwt/aCoEodBSObzm8PH5YbmiYL/FfTeAOVAJbDoEmkA8qYH+gws7vOzgQzSw==}
    cpu: [x64]
    os: [win32]

  '@rspack/binding@1.7.10':
    resolution: {integrity: sha512-j+DPEaSJLRgasxXNpYQpvC7wUkQF5WoWPiTfm4fLczwlAmYwGSVkJiyWDrOlvVPiGGYiXIaXEjVWTw6fT6/vnA==}

  '@rspack/binding@2.0.0-rc.0':
    resolution: {integrity: sha512-zWjMryvt8J8H/Z/sa0MHWfblUTHNCwXhw2x13Yz9Nw2P8JjZ/k/h3ni0xBBl/QubIVoA1IfN2OaiNCtFlVmDrQ==}

  '@rspack/core@1.7.10':
    resolution: {integrity: sha512-dO7J0aHSa9Fg2kGT0+ZsM500lMdlNIyCHavIaz7dTDn6KXvFz1qbWQ/48x3OlNFw1mA0jxAjjw9e7h3sWQZUNg==}
    engines: {node: '>=18.12.0'}
    peerDependencies:
      '@swc/helpers': '>=0.5.1'
    peerDependenciesMeta:
      '@swc/helpers':
        optional: true

  '@rspack/core@2.0.0-rc.0':
    resolution: {integrity: sha512-hFc2284m/075etKLLNsECAwOcyNQ8NHUaBhwJCQJQ3J9iqjDoZisefGC8I457u2iieoc1KNSANB9hxZ0ZOHuJg==}
    engines: {node: ^20.19.0 || >=22.12.0}
    peerDependencies:
      '@module-federation/runtime-tools': ^0.24.1 || ^2.0.0
      '@swc/helpers': '>=0.5.1'
    peerDependenciesMeta:
      '@module-federation/runtime-tools':
        optional: true
      '@swc/helpers':
        optional: true

  '@rspack/lite-tapable@1.1.0':
    resolution: {integrity: sha512-E2B0JhYFmVAwdDiG14+DW0Di4Ze4Jg10Pc4/lILUrd5DRCaklduz2OvJ5HYQ6G+hd+WTzqQb3QnDNfK4yvAFYw==}

  '@rspack/plugin-react-refresh@1.6.1':
    resolution: {integrity: sha512-eqqW5645VG3CzGzFgNg5HqNdHVXY+567PGjtDhhrM8t67caxmsSzRmT5qfoEIfBcGgFkH9vEg7kzXwmCYQdQDw==}
    peerDependencies:
      react-refresh: '>=0.10.0 <1.0.0'
      webpack-hot-middleware: 2.x
    peerDependenciesMeta:
      webpack-hot-middleware:
        optional: true

  '@swc/helpers@0.5.21':
    resolution: {integrity: sha512-jI/VAmtdjB/RnI8GTnokyX7Ug8c+g+ffD6QRLa6XQewtnGyukKkKSk3wLTM3b5cjt1jNh9x0jfVlagdN2gDKQg==}

  '@tybys/wasm-util@0.10.1':
    resolution: {integrity: sha512-9tTaPJLSiejZKx+Bmog4uSubteqTvFrVrURwkmHixBo0G4seD0zUxp98E1DzUBJxLQ3NPwXrGKDiVjwx/DpPsg==}

  '@types/node@24.12.2':
    resolution: {integrity: sha512-A1sre26ke7HDIuY/M23nd9gfB+nrmhtYyMINbjI1zHJxYteKR6qSMX56FsmjMcDb3SMcjJg5BiRRgOCC/yBD0g==}

  core-js@3.47.0:
    resolution: {integrity: sha512-c3Q2VVkGAUyupsjRnaNX6u8Dq2vAdzm9iuPj5FW0fRxzlxgq9Q39MDq10IvmQSpLgHQNyQzQmOo6bgGHmH3NNg==}

  error-stack-parser@2.1.4:
    resolution: {integrity: sha512-Sk5V6wVazPhq5MhpO+AUxJn5x7XSXGl1R93Vn7i+zS15KDVxQijejNCrz8340/2bgLBjR9GtEG8ZVKONDjcqGQ==}

  fsevents@2.3.2:
    resolution: {integrity: sha512-xiqMQR4xAeHTuB9uWm+fFRcIOgKBMiOBP+eXiyT7jsgVCq1bkVygt00oASowB7EdtpOHaaPgKt812P9ab+DDKA==}
    engines: {node: ^8.16.0 || ^10.6.0 || >=11.0.0}
    os: [darwin]

  html-entities@2.6.0:
    resolution: {integrity: sha512-kig+rMn/QOVRvr7c86gQ8lWXq+Hkv6CbAH1hLu+RG338StTpE8Z0b44SDVaqVu7HGKf27frdmUYEs9hTUX/cLQ==}

  jiti@2.6.1:
    resolution: {integrity: sha512-ekilCSN1jwRvIbgeg/57YFh8qQDNbwDb9xT/qu2DAHbFFZUicIl4ygVaAvzveMhMVr3LnpSKTNnwt8PoOfmKhQ==}
    hasBin: true

  nano-staged@1.0.2:
    resolution: {integrity: sha512-Fytar3zHLY99nlMfqPPbraxZodqQAHPpdPRyYaplL+lB9DCR6pUrafxbG+Btz4+7fO5Rm/+DO4ZeDO/nLSUMhw==}
    engines: {node: ^22 || >= 24}
    hasBin: true

  playwright-core@1.59.1:
    resolution: {integrity: sha512-HBV/RJg81z5BiiZ9yPzIiClYV/QMsDCKUyogwH9p3MCP6IYjUFu/MActgYAvK0oWyV9NlwM3GLBjADyWgydVyg==}
    engines: {node: '>=18'}
    hasBin: true

  playwright@1.59.1:
    resolution: {integrity: sha512-C8oWjPR3F81yljW9o5OxcWzfh6avkVwDD2VYdwIGqTkl+OGFISgypqzfu7dOe4QNLL2aqcWBmI3PMtLIK233lw==}
    engines: {node: '>=18'}
    hasBin: true

  react-dom@19.2.4:
    resolution: {integrity: sha512-AXJdLo8kgMbimY95O2aKQqsz2iWi9jMgKJhRBAxECE4IFxfcazB2LmzloIoibJI3C12IlY20+KFaLv+71bUJeQ==}
    peerDependencies:
      react: ^19.2.4

  react-refresh@0.18.0:
    resolution: {integrity: sha512-QgT5//D3jfjJb6Gsjxv0Slpj23ip+HtOpnNgnb2S5zU3CB26G/IDPGoy4RJB42wzFE46DRsstbW6tKHoKbhAxw==}
    engines: {node: '>=0.10.0'}

  react@19.2.4:
    resolution: {integrity: sha512-9nfp2hYpCwOjAN+8TZFGhtWEwgvWHXqESH8qT89AT/lWklpLON22Lc8pEtnpsZz7VmawabSU0gCjnj8aC0euHQ==}
    engines: {node: '>=0.10.0'}

  rsbuild-plugin-dts@0.20.3:
    resolution: {integrity: sha512-WJlhX8UIlyLBC/wyFK7YK3FzQkQKGEpRbPC8m6wyKu+Db8H5sJkCIvVoBZW+7201V8dJnM2+pmn/NhHDpWqO2g==}
    engines: {node: ^20.19.0 || >=22.12.0}
    peerDependencies:
      '@microsoft/api-extractor': ^7
      '@rsbuild/core': ^1.0.0 || ^2.0.0-0
      '@typescript/native-preview': 7.x
      typescript: ^5 || ^6
    peerDependenciesMeta:
      '@microsoft/api-extractor':
        optional: true
      '@typescript/native-preview':
        optional: true
      typescript:
        optional: true

  scheduler@0.27.0:
    resolution: {integrity: sha512-eNv+WrVbKu1f3vbYJT/xtiF5syA5HPIMtf9IgY/nKg0sWqzAUEvqY/xm7OcZc/qafLx/iO9FgOmeSAp4v5ti/Q==}

  simple-git-hooks@2.13.1:
    resolution: {integrity: sha512-WszCLXwT4h2k1ufIXAgsbiTOazqqevFCIncOuUBZJ91DdvWcC5+OFkluWRQPrcuSYd8fjq+o2y1QfWqYMoAToQ==}
    hasBin: true

  stackframe@1.3.4:
    resolution: {integrity: sha512-oeVtt7eWQS+Na6F//S4kJ2K2VbRlS9D43mAlMyVpVWovy9o+jfgH8O9agzANzaiLjclA0oYzUXEM4PurhSUChw==}

  tslib@2.8.1:
    resolution: {integrity: sha512-oJFu94HQb+KVduSUQL7wnpmqnfmLsOA/nAh6b6EH0wCEoK0/mPeXU6c3wKDV83MkOuHPRHtSXKKU99IBazS/2w==}

  typescript@6.0.2:
    resolution: {integrity: sha512-bGdAIrZ0wiGDo5l8c++HWtbaNCWTS4UTv7RaTH/ThVIgjkveJt83m74bBHMJkuCbslY8ixgLBVZJIOiQlQTjfQ==}
    engines: {node: '>=14.17'}
    hasBin: true

  undici-types@7.16.0:
    resolution: {integrity: sha512-Zz+aZWSj8LE6zoxD+xrjh4VfkIG8Ya6LvYkZqtUQGJPZjYl53ypCaUwWqo7eI0x66KBGeRo+mlBEkMSeSZ38Nw==}

snapshots:

  '@ast-grep/napi-darwin-arm64@0.37.0':
    optional: true

  '@ast-grep/napi-darwin-x64@0.37.0':
    optional: true

  '@ast-grep/napi-linux-arm64-gnu@0.37.0':
    optional: true

  '@ast-grep/napi-linux-arm64-musl@0.37.0':
    optional: true

  '@ast-grep/napi-linux-x64-gnu@0.37.0':
    optional: true

  '@ast-grep/napi-linux-x64-musl@0.37.0':
    optional: true

  '@ast-grep/napi-win32-arm64-msvc@0.37.0':
    optional: true

  '@ast-grep/napi-win32-ia32-msvc@0.37.0':
    optional: true

  '@ast-grep/napi-win32-x64-msvc@0.37.0':
    optional: true

  '@ast-grep/napi@0.37.0':
    optionalDependencies:
      '@ast-grep/napi-darwin-arm64': 0.37.0
      '@ast-grep/napi-darwin-x64': 0.37.0
      '@ast-grep/napi-linux-arm64-gnu': 0.37.0
      '@ast-grep/napi-linux-arm64-musl': 0.37.0
      '@ast-grep/napi-linux-x64-gnu': 0.37.0
      '@ast-grep/napi-linux-x64-musl': 0.37.0
      '@ast-grep/napi-win32-arm64-msvc': 0.37.0
      '@ast-grep/napi-win32-ia32-msvc': 0.37.0
      '@ast-grep/napi-win32-x64-msvc': 0.37.0

  '@biomejs/biome@2.4.10':
    optionalDependencies:
      '@biomejs/cli-darwin-arm64': 2.4.10
      '@biomejs/cli-darwin-x64': 2.4.10
      '@biomejs/cli-linux-arm64': 2.4.10
      '@biomejs/cli-linux-arm64-musl': 2.4.10
      '@biomejs/cli-linux-x64': 2.4.10
      '@biomejs/cli-linux-x64-musl': 2.4.10
      '@biomejs/cli-win32-arm64': 2.4.10
      '@biomejs/cli-win32-x64': 2.4.10

  '@biomejs/cli-darwin-arm64@2.4.10':
    optional: true

  '@biomejs/cli-darwin-x64@2.4.10':
    optional: true

  '@biomejs/cli-linux-arm64-musl@2.4.10':
    optional: true

  '@biomejs/cli-linux-arm64@2.4.10':
    optional: true

  '@biomejs/cli-linux-x64-musl@2.4.10':
    optional: true

  '@biomejs/cli-linux-x64@2.4.10':
    optional: true

  '@biomejs/cli-win32-arm64@2.4.10':
    optional: true

  '@biomejs/cli-win32-x64@2.4.10':
    optional: true

  '@emnapi/core@1.9.1':
    dependencies:
      '@emnapi/wasi-threads': 1.2.0
      tslib: 2.8.1
    optional: true

  '@emnapi/runtime@1.9.1':
    dependencies:
      tslib: 2.8.1
    optional: true

  '@emnapi/wasi-threads@1.2.0':
    dependencies:
      tslib: 2.8.1
    optional: true

  '@module-federation/error-codes@0.22.0': {}

  '@module-federation/runtime-core@0.22.0':
    dependencies:
      '@module-federation/error-codes': 0.22.0
      '@module-federation/sdk': 0.22.0

  '@module-federation/runtime-tools@0.22.0':
    dependencies:
      '@module-federation/runtime': 0.22.0
      '@module-federation/webpack-bundler-runtime': 0.22.0

  '@module-federation/runtime@0.22.0':
    dependencies:
      '@module-federation/error-codes': 0.22.0
      '@module-federation/runtime-core': 0.22.0
      '@module-federation/sdk': 0.22.0

  '@module-federation/sdk@0.22.0': {}

  '@module-federation/webpack-bundler-runtime@0.22.0':
    dependencies:
      '@module-federation/runtime': 0.22.0
      '@module-federation/sdk': 0.22.0

  '@napi-rs/wasm-runtime@1.0.7':
    dependencies:
      '@emnapi/core': 1.9.1
      '@emnapi/runtime': 1.9.1
      '@tybys/wasm-util': 0.10.1
    optional: true

  '@napi-rs/wasm-runtime@1.1.2(@emnapi/core@1.9.1)(@emnapi/runtime@1.9.1)':
    dependencies:
      '@emnapi/core': 1.9.1
      '@emnapi/runtime': 1.9.1
      '@tybys/wasm-util': 0.10.1
    optional: true

  '@playwright/test@1.59.1':
    dependencies:
      playwright: 1.59.1

  '@rsbuild/core@1.7.5':
    dependencies:
      '@rspack/core': 1.7.10(@swc/helpers@0.5.21)
      '@rspack/lite-tapable': 1.1.0
      '@swc/helpers': 0.5.21
      core-js: 3.47.0
      jiti: 2.6.1

  '@rsbuild/core@2.0.0-rc.0(@emnapi/core@1.9.1)(@emnapi/runtime@1.9.1)(core-js@3.47.0)':
    dependencies:
      '@rspack/core': 2.0.0-rc.0(@emnapi/core@1.9.1)(@emnapi/runtime@1.9.1)(@swc/helpers@0.5.21)
      '@swc/helpers': 0.5.21
    optionalDependencies:
      core-js: 3.47.0
    transitivePeerDependencies:
      - '@emnapi/core'
      - '@emnapi/runtime'
      - '@module-federation/runtime-tools'

  '@rsbuild/plugin-react@1.4.6(@rsbuild/core@1.7.5)':
    dependencies:
      '@rspack/plugin-react-refresh': 1.6.1(react-refresh@0.18.0)
      react-refresh: 0.18.0
    optionalDependencies:
      '@rsbuild/core': 1.7.5
    transitivePeerDependencies:
      - webpack-hot-middleware

  '@rslib/core@0.20.3(@emnapi/core@1.9.1)(@emnapi/runtime@1.9.1)(core-js@3.47.0)(typescript@6.0.2)':
    dependencies:
      '@rsbuild/core': 2.0.0-rc.0(@emnapi/core@1.9.1)(@emnapi/runtime@1.9.1)(core-js@3.47.0)
      rsbuild-plugin-dts: 0.20.3(@rsbuild/core@2.0.0-rc.0(@emnapi/core@1.9.1)(@emnapi/runtime@1.9.1)(core-js@3.47.0))(typescript@6.0.2)
    optionalDependencies:
      typescript: 6.0.2
    transitivePeerDependencies:
      - '@emnapi/core'
      - '@emnapi/runtime'
      - '@module-federation/runtime-tools'
      - '@typescript/native-preview'
      - core-js

  '@rspack/binding-darwin-arm64@1.7.10':
    optional: true

  '@rspack/binding-darwin-arm64@2.0.0-rc.0':
    optional: true

  '@rspack/binding-darwin-x64@1.7.10':
    optional: true

  '@rspack/binding-darwin-x64@2.0.0-rc.0':
    optional: true

  '@rspack/binding-linux-arm64-gnu@1.7.10':
    optional: true

  '@rspack/binding-linux-arm64-gnu@2.0.0-rc.0':
    optional: true

  '@rspack/binding-linux-arm64-musl@1.7.10':
    optional: true

  '@rspack/binding-linux-arm64-musl@2.0.0-rc.0':
    optional: true

  '@rspack/binding-linux-x64-gnu@1.7.10':
    optional: true

  '@rspack/binding-linux-x64-gnu@2.0.0-rc.0':
    optional: true

  '@rspack/binding-linux-x64-musl@1.7.10':
    optional: true

  '@rspack/binding-linux-x64-musl@2.0.0-rc.0':
    optional: true

  '@rspack/binding-wasm32-wasi@1.7.10':
    dependencies:
      '@napi-rs/wasm-runtime': 1.0.7
    optional: true

  '@rspack/binding-wasm32-wasi@2.0.0-rc.0(@emnapi/core@1.9.1)(@emnapi/runtime@1.9.1)':
    dependencies:
      '@napi-rs/wasm-runtime': 1.1.2(@emnapi/core@1.9.1)(@emnapi/runtime@1.9.1)
    transitivePeerDependencies:
      - '@emnapi/core'
      - '@emnapi/runtime'
    optional: true

  '@rspack/binding-win32-arm64-msvc@1.7.10':
    optional: true

  '@rspack/binding-win32-arm64-msvc@2.0.0-rc.0':
    optional: true

  '@rspack/binding-win32-ia32-msvc@1.7.10':
    optional: true

  '@rspack/binding-win32-ia32-msvc@2.0.0-rc.0':
    optional: true

  '@rspack/binding-win32-x64-msvc@1.7.10':
    optional: true

  '@rspack/binding-win32-x64-msvc@2.0.0-rc.0':
    optional: true

  '@rspack/binding@1.7.10':
    optionalDependencies:
      '@rspack/binding-darwin-arm64': 1.7.10
      '@rspack/binding-darwin-x64': 1.7.10
      '@rspack/binding-linux-arm64-gnu': 1.7.10
      '@rspack/binding-linux-arm64-musl': 1.7.10
      '@rspack/binding-linux-x64-gnu': 1.7.10
      '@rspack/binding-linux-x64-musl': 1.7.10
      '@rspack/binding-wasm32-wasi': 1.7.10
      '@rspack/binding-win32-arm64-msvc': 1.7.10
      '@rspack/binding-win32-ia32-msvc': 1.7.10
      '@rspack/binding-win32-x64-msvc': 1.7.10

  '@rspack/binding@2.0.0-rc.0(@emnapi/core@1.9.1)(@emnapi/runtime@1.9.1)':
    optionalDependencies:
      '@rspack/binding-darwin-arm64': 2.0.0-rc.0
      '@rspack/binding-darwin-x64': 2.0.0-rc.0
      '@rspack/binding-linux-arm64-gnu': 2.0.0-rc.0
      '@rspack/binding-linux-arm64-musl': 2.0.0-rc.0
      '@rspack/binding-linux-x64-gnu': 2.0.0-rc.0
      '@rspack/binding-linux-x64-musl': 2.0.0-rc.0
      '@rspack/binding-wasm32-wasi': 2.0.0-rc.0(@emnapi/core@1.9.1)(@emnapi/runtime@1.9.1)
      '@rspack/binding-win32-arm64-msvc': 2.0.0-rc.0
      '@rspack/binding-win32-ia32-msvc': 2.0.0-rc.0
      '@rspack/binding-win32-x64-msvc': 2.0.0-rc.0
    transitivePeerDependencies:
      - '@emnapi/core'
      - '@emnapi/runtime'

  '@rspack/core@1.7.10(@swc/helpers@0.5.21)':
    dependencies:
      '@module-federation/runtime-tools': 0.22.0
      '@rspack/binding': 1.7.10
      '@rspack/lite-tapable': 1.1.0
    optionalDependencies:
      '@swc/helpers': 0.5.21

  '@rspack/core@2.0.0-rc.0(@emnapi/core@1.9.1)(@emnapi/runtime@1.9.1)(@swc/helpers@0.5.21)':
    dependencies:
      '@rspack/binding': 2.0.0-rc.0(@emnapi/core@1.9.1)(@emnapi/runtime@1.9.1)
    optionalDependencies:
      '@swc/helpers': 0.5.21
    transitivePeerDependencies:
      - '@emnapi/core'
      - '@emnapi/runtime'

  '@rspack/lite-tapable@1.1.0': {}

  '@rspack/plugin-react-refresh@1.6.1(react-refresh@0.18.0)':
    dependencies:
      error-stack-parser: 2.1.4
      html-entities: 2.6.0
      react-refresh: 0.18.0

  '@swc/helpers@0.5.21':
    dependencies:
      tslib: 2.8.1

  '@tybys/wasm-util@0.10.1':
    dependencies:
      tslib: 2.8.1
    optional: true

  '@types/node@24.12.2':
    dependencies:
      undici-types: 7.16.0

  core-js@3.47.0: {}

  error-stack-parser@2.1.4:
    dependencies:
      stackframe: 1.3.4

  fsevents@2.3.2:
    optional: true

  html-entities@2.6.0: {}

  jiti@2.6.1: {}

  nano-staged@1.0.2: {}

  playwright-core@1.59.1: {}

  playwright@1.59.1:
    dependencies:
      playwright-core: 1.59.1
    optionalDependencies:
      fsevents: 2.3.2

  react-dom@19.2.4(react@19.2.4):
    dependencies:
      react: 19.2.4
      scheduler: 0.27.0

  react-refresh@0.18.0: {}

  react@19.2.4: {}

  rsbuild-plugin-dts@0.20.3(@rsbuild/core@2.0.0-rc.0(@emnapi/core@1.9.1)(@emnapi/runtime@1.9.1)(core-js@3.47.0))(typescript@6.0.2):
    dependencies:
      '@ast-grep/napi': 0.37.0
      '@rsbuild/core': 2.0.0-rc.0(@emnapi/core@1.9.1)(@emnapi/runtime@1.9.1)(core-js@3.47.0)
    optionalDependencies:
      typescript: 6.0.2

  scheduler@0.27.0: {}

  simple-git-hooks@2.13.1: {}

  stackframe@1.3.4: {}

  tslib@2.8.1: {}

  typescript@6.0.2: {}

  undici-types@7.16.0: {}
