lockfileVersion: '9.0'

settings:
  autoInstallPeers: true
  excludeLinksFromLockfile: false

importers:

  .:
    devDependencies:
      '@biomejs/biome':
        specifier: ^2.4.9
        version: 2.4.9
      '@playwright/test':
        specifier: ^1.58.2
        version: 1.58.2
      '@rsbuild/core':
        specifier: ^1.7.4
        version: 1.7.4
      '@rsbuild/plugin-react':
        specifier: ^1.4.6
        version: 1.4.6(@rsbuild/core@1.7.4)
      '@rslib/core':
        specifier: ^0.20.1
        version: 0.20.1(core-js@3.47.0)(typescript@6.0.2)
      '@types/node':
        specifier: ^24.12.0
        version: 24.12.0
      nano-staged:
        specifier: ^0.9.0
        version: 0.9.0
      playwright:
        specifier: ^1.58.2
        version: 1.58.2
      react:
        specifier: ^19.2.4
        version: 19.2.4
      react-dom:
        specifier: ^19.2.4
        version: 19.2.4(react@19.2.4)
      simple-git-hooks:
        specifier: ^2.13.1
        version: 2.13.1
      typescript:
        specifier: ^6.0.2
        version: 6.0.2

packages:

  '@ast-grep/napi-darwin-arm64@0.37.0':
    resolution: {integrity: sha512-QAiIiaAbLvMEg/yBbyKn+p1gX2/FuaC0SMf7D7capm/oG4xGMzdeaQIcSosF4TCxxV+hIH4Bz9e4/u7w6Bnk3Q==}
    engines: {node: '>= 10'}
    cpu: [arm64]
    os: [darwin]

  '@ast-grep/napi-darwin-x64@0.37.0':
    resolution: {integrity: sha512-zvcvdgekd4ySV3zUbUp8HF5nk5zqwiMXTuVzTUdl/w08O7JjM6XPOIVT+d2o/MqwM9rsXdzdergY5oY2RdhSPA==}
    engines: {node: '>= 10'}
    cpu: [x64]
    os: [darwin]

  '@ast-grep/napi-linux-arm64-gnu@0.37.0':
    resolution: {integrity: sha512-L7Sj0lXy8X+BqSMgr1LB8cCoWk0rericdeu+dC8/c8zpsav5Oo2IQKY1PmiZ7H8IHoFBbURLf8iklY9wsD+cyA==}
    engines: {node: '>= 10'}
    cpu: [arm64]
    os: [linux]
    libc: [glibc]

  '@ast-grep/napi-linux-arm64-musl@0.37.0':
    resolution: {integrity: sha512-LF9sAvYy6es/OdyJDO3RwkX3I82Vkfsng1sqUBcoWC1jVb1wX5YVzHtpQox9JrEhGl+bNp7FYxB4Qba9OdA5GA==}
    engines: {node: '>= 10'}
    cpu: [arm64]
    os: [linux]
    libc: [musl]

  '@ast-grep/napi-linux-x64-gnu@0.37.0':
    resolution: {integrity: sha512-TViz5/klqre6aSmJzswEIjApnGjJzstG/SE8VDWsrftMBMYt2PTu3MeluZVwzSqDao8doT/P+6U11dU05UOgxw==}
    engines: {node: '>= 10'}
    cpu: [x64]
    os: [linux]
    libc: [glibc]

  '@ast-grep/napi-linux-x64-musl@0.37.0':
    resolution: {integrity: sha512-/BcCH33S9E3ovOAEoxYngUNXgb+JLg991sdyiNP2bSoYd30a9RHrG7CYwW6fMgua3ijQ474eV6cq9yZO1bCpXg==}
    engines: {node: '>= 10'}
    cpu: [x64]
    os: [linux]
    libc: [musl]

  '@ast-grep/napi-win32-arm64-msvc@0.37.0':
    resolution: {integrity: sha512-TjQA4cFoIEW2bgjLkaL9yqT4XWuuLa5MCNd0VCDhGRDMNQ9+rhwi9eLOWRaap3xzT7g+nlbcEHL3AkVCD2+b3A==}
    engines: {node: '>= 10'}
    cpu: [arm64]
    os: [win32]

  '@ast-grep/napi-win32-ia32-msvc@0.37.0':
    resolution: {integrity: sha512-uNmVka8fJCdYsyOlF9aZqQMLTatEYBynjChVTzUfFMDfmZ0bihs/YTqJVbkSm8TZM7CUX82apvn50z/dX5iWRA==}
    engines: {node: '>= 10'}
    cpu: [ia32]
    os: [win32]

  '@ast-grep/napi-win32-x64-msvc@0.37.0':
    resolution: {integrity: sha512-vCiFOT3hSCQuHHfZ933GAwnPzmL0G04JxQEsBRfqONywyT8bSdDc/ECpAfr3S9VcS4JZ9/F6tkePKW/Om2Dq2g==}
    engines: {node: '>= 10'}
    cpu: [x64]
    os: [win32]

  '@ast-grep/napi@0.37.0':
    resolution: {integrity: sha512-Hb4o6h1Pf6yRUAX07DR4JVY7dmQw+RVQMW5/m55GoiAT/VRoKCWBtIUPPOnqDVhbx1Cjfil9b6EDrgJsUAujEQ==}
    engines: {node: '>= 10'}

  '@biomejs/biome@2.4.9':
    resolution: {integrity: sha512-wvZW92FrwitTcacvCBT8xdAbfbxWfDLwjYMmU3djjqQTh7Ni4ZdiWIT/x5VcZ+RQuxiKzIOzi5D+dcyJDFZMsA==}
    engines: {node: '>=14.21.3'}
    hasBin: true

  '@biomejs/cli-darwin-arm64@2.4.9':
    resolution: {integrity: sha512-d5G8Gf2RpH5pYwiHLPA+UpG3G9TLQu4WM+VK6sfL7K68AmhcEQ9r+nkj/DvR/GYhYox6twsHUtmWWWIKfcfQQA==}
    engines: {node: '>=14.21.3'}
    cpu: [arm64]
    os: [darwin]

  '@biomejs/cli-darwin-x64@2.4.9':
    resolution: {integrity: sha512-LNCLNgqDMG7BLdc3a8aY/dwKPK7+R8/JXJoXjCvZh2gx8KseqBdFDKbhrr7HCWF8SzNhbTaALhTBoh/I6rf9lA==}
    engines: {node: '>=14.21.3'}
    cpu: [x64]
    os: [darwin]

  '@biomejs/cli-linux-arm64-musl@2.4.9':
    resolution: {integrity: sha512-8RCww5xnPn2wpK4L/QDGDOW0dq80uVWfppPxHIUg6mOs9B6gRmqPp32h1Ls3T8GnW8Wo5A8u7vpTwz4fExN+sw==}
    engines: {node: '>=14.21.3'}
    cpu: [arm64]
    os: [linux]
    libc: [musl]

  '@biomejs/cli-linux-arm64@2.4.9':
    resolution: {integrity: sha512-4adnkAUi6K4C/emPRgYznMOcLlUqZdXWM6aIui4VP4LraE764g6Q4YguygnAUoxKjKIXIWPteKMgRbN0wsgwcg==}
    engines: {node: '>=14.21.3'}
    cpu: [arm64]
    os: [linux]
    libc: [glibc]

  '@biomejs/cli-linux-x64-musl@2.4.9':
    resolution: {integrity: sha512-5TD+WS9v5vzXKzjetF0hgoaNFHMcpQeBUwKKVi3JbG1e9UCrFuUK3Gt185fyTzvRdwYkJJEMqglRPjmesmVv4A==}
    engines: {node: '>=14.21.3'}
    cpu: [x64]
    os: [linux]
    libc: [musl]

  '@biomejs/cli-linux-x64@2.4.9':
    resolution: {integrity: sha512-L10na7POF0Ks/cgLFNF1ZvIe+X4onLkTi5oP9hY+Rh60Q+7fWzKDDCeGyiHUFf1nGIa9dQOOUPGe2MyYg8nMSQ==}
    engines: {node: '>=14.21.3'}
    cpu: [x64]
    os: [linux]
    libc: [glibc]

  '@biomejs/cli-win32-arm64@2.4.9':
    resolution: {integrity: sha512-aDZr0RBC3sMGJOU10BvG7eZIlWLK/i51HRIfScE2lVhfts2dQTreowLiJJd+UYg/tHKxS470IbzpuKmd0MiD6g==}
    engines: {node: '>=14.21.3'}
    cpu: [arm64]
    os: [win32]

  '@biomejs/cli-win32-x64@2.4.9':
    resolution: {integrity: sha512-NS4g/2G9SoQ4ktKtz31pvyc/rmgzlcIDCGU/zWbmHJAqx6gcRj2gj5Q/guXhoWTzCUaQZDIqiCQXHS7BcGYc0w==}
    engines: {node: '>=14.21.3'}
    cpu: [x64]
    os: [win32]

  '@emnapi/core@1.5.0':
    resolution: {integrity: sha512-sbP8GzB1WDzacS8fgNPpHlp6C9VZe+SJP3F90W9rLemaQj2PzIuTEl1qDOYQf58YIpyjViI24y9aPWCjEzY2cg==}

  '@emnapi/core@1.9.1':
    resolution: {integrity: sha512-mukuNALVsoix/w1BJwFzwXBN/dHeejQtuVzcDsfOEsdpCumXb/E9j8w11h5S54tT1xhifGfbbSm/ICrObRb3KA==}

  '@emnapi/runtime@1.5.0':
    resolution: {integrity: sha512-97/BJ3iXHww3djw6hYIfErCZFee7qCtrneuLa20UXFCOTCfBM2cvQHjWJ2EG0s0MtdNwInarqCTz35i4wWXHsQ==}

  '@emnapi/runtime@1.9.1':
    resolution: {integrity: sha512-VYi5+ZVLhpgK4hQ0TAjiQiZ6ol0oe4mBx7mVv7IflsiEp0OWoVsp/+f9Vc1hOhE0TtkORVrI1GvzyreqpgWtkA==}

  '@emnapi/wasi-threads@1.1.0':
    resolution: {integrity: sha512-WI0DdZ8xFSbgMjR1sFsKABJ/C5OnRrjT06JXbZKexJGrDuPTzZdDYfFlsgcCXCyf+suG5QU2e/y1Wo2V/OapLQ==}

  '@emnapi/wasi-threads@1.2.0':
    resolution: {integrity: sha512-N10dEJNSsUx41Z6pZsXU8FjPjpBEplgH24sfkmITrBED1/U2Esum9F3lfLrMjKHHjmi557zQn7kR9R+XWXu5Rg==}

  '@module-federation/error-codes@0.22.0':
    resolution: {integrity: sha512-xF9SjnEy7vTdx+xekjPCV5cIHOGCkdn3pIxo9vU7gEZMIw0SvAEdsy6Uh17xaCpm8V0FWvR0SZoK9Ik6jGOaug==}

  '@module-federation/runtime-core@0.22.0':
    resolution: {integrity: sha512-GR1TcD6/s7zqItfhC87zAp30PqzvceoeDGYTgF3Vx2TXvsfDrhP6Qw9T4vudDQL3uJRne6t7CzdT29YyVxlgIA==}

  '@module-federation/runtime-tools@0.22.0':
    resolution: {integrity: sha512-4ScUJ/aUfEernb+4PbLdhM/c60VHl698Gn1gY21m9vyC1Ucn69fPCA1y2EwcCB7IItseRMoNhdcWQnzt/OPCNA==}

  '@module-federation/runtime@0.22.0':
    resolution: {integrity: sha512-38g5iPju2tPC3KHMPxRKmy4k4onNp6ypFPS1eKGsNLUkXgHsPMBFqAjDw96iEcjri91BrahG4XcdyKi97xZzlA==}

  '@module-federation/sdk@0.22.0':
    resolution: {integrity: sha512-x4aFNBKn2KVQRuNVC5A7SnrSCSqyfIWmm1DvubjbO9iKFe7ith5niw8dqSFBekYBg2Fwy+eMg4sEFNVvCAdo6g==}

  '@module-federation/webpack-bundler-runtime@0.22.0':
    resolution: {integrity: sha512-aM8gCqXu+/4wBmJtVeMeeMN5guw3chf+2i6HajKtQv7SJfxV/f4IyNQJUeUQu9HfiAZHjqtMV5Lvq/Lvh8LdyA==}

  '@napi-rs/wasm-runtime@1.0.7':
    resolution: {integrity: sha512-SeDnOO0Tk7Okiq6DbXmmBODgOAb9dp9gjlphokTUxmt8U3liIP1ZsozBahH69j/RJv+Rfs6IwUKHTgQYJ/HBAw==}

  '@napi-rs/wasm-runtime@1.1.1':
    resolution: {integrity: sha512-p64ah1M1ld8xjWv3qbvFwHiFVWrq1yFvV4f7w+mzaqiR4IlSgkqhcRdHwsGgomwzBH51sRY4NEowLxnaBjcW/A==}

  '@playwright/test@1.58.2':
    resolution: {integrity: sha512-akea+6bHYBBfA9uQqSYmlJXn61cTa+jbO87xVLCWbTqbWadRVmhxlXATaOjOgcBaWU4ePo0wB41KMFv3o35IXA==}
    engines: {node: '>=18'}
    hasBin: true

  '@rsbuild/core@1.7.4':
    resolution: {integrity: sha512-1hn9j62Kkckh2CGUMQcr/H/PtHgN5iqB3kChaMCVGqxrC4jbJBQxRtuHuWVJDKeEO0uWPMABAR748qJISIyh5w==}
    engines: {node: '>=18.12.0'}
    hasBin: true

  '@rsbuild/core@2.0.0-beta.10':
    resolution: {integrity: sha512-6xalOGzWjamJQvC+qnAipo6azfW3cn9JSRSkTMBz/hiXFzcfy54GX31gCDhRY0TooEisyJ2wbGWjGcT8zPwwxg==}
    engines: {node: ^20.19.0 || >=22.12.0}
    hasBin: true
    peerDependencies:
      core-js: '>= 3.0.0'
    peerDependenciesMeta:
      core-js:
        optional: true

  '@rsbuild/plugin-react@1.4.6':
    resolution: {integrity: sha512-LAT6xHlEyZKA0VjF/ph5d50iyG+WSmBx+7g98HNZUwb94VeeTMZFB8qVptTkbIRMss3BNKOXmHOu71Lhsh9oEw==}
    peerDependencies:
      '@rsbuild/core': ^1.0.0 || ^2.0.0-0
    peerDependenciesMeta:
      '@rsbuild/core':
        optional: true

  '@rslib/core@0.20.1':
    resolution: {integrity: sha512-5Mw9HvMCBNkyvzyxeMpxuOBYhtoZ+lwlm/d966JtH9eGesV8QGRNNZiC1axlZVO490kOTfMpbfbSt74XRCn/2A==}
    engines: {node: ^20.19.0 || >=22.12.0}
    hasBin: true
    peerDependencies:
      '@microsoft/api-extractor': ^7
      typescript: ^5 || ^6
    peerDependenciesMeta:
      '@microsoft/api-extractor':
        optional: true
      typescript:
        optional: true

  '@rspack/binding-darwin-arm64@1.7.10':
    resolution: {integrity: sha512-bsXi7I6TpH+a4L6okIUh1JDvwT+XcK/L7Yvhu5G2t5YYyd2fl5vMM5O9cePRpEb0RdqJZ3Z8i9WIWHap9aQ8Gw==}
    cpu: [arm64]
    os: [darwin]

  '@rspack/binding-darwin-arm64@2.0.0-beta.8':
    resolution: {integrity: sha512-h3x2GreEh8J36A3cWFeHZGTuz4vjUArk9dBDq8fZSyaUQQQox/lp8bUOGa/2YuYUOXk0gei2GN+/BVi2R5p39A==}
    cpu: [arm64]
    os: [darwin]

  '@rspack/binding-darwin-x64@1.7.10':
    resolution: {integrity: sha512-h/kOGL1bUflDDYnbiUjaRE9kagJpour4FatGihueV03+cRGQ6jpde+BjUakqzMx65CeDbeYI6jAiPhElnlAtRw==}
    cpu: [x64]
    os: [darwin]

  '@rspack/binding-darwin-x64@2.0.0-beta.8':
    resolution: {integrity: sha512-+XTA37+FZjXgwxkNX94T/EqspFO8Q3Km4CklQ3nOQzieMi31w+TLBB0uTsnT1ugp0UTN5PHLd4DFK1SQB7Ckbg==}
    cpu: [x64]
    os: [darwin]

  '@rspack/binding-linux-arm64-gnu@1.7.10':
    resolution: {integrity: sha512-Z4reus7UxGM4+JuhiIht8KuGP1KgM7nNhOlXUHcQCMswP/Rymj5oJQN3TDWgijFUZs09ULl8t3T+AQAVTd/WvA==}
    cpu: [arm64]
    os: [linux]
    libc: [glibc]

  '@rspack/binding-linux-arm64-gnu@2.0.0-beta.8':
    resolution: {integrity: sha512-vD2+ztbMmeBR65jBlwUZCNIjUzO0exp/LaPSMIhLlqPlk670gMCQ7fmKo3tSgQ9tobfizEA/Atdy3/lW1Rl64A==}
    cpu: [arm64]
    os: [linux]
    libc: [glibc]

  '@rspack/binding-linux-arm64-musl@1.7.10':
    resolution: {integrity: sha512-LYaoVmWizG4oQ3g+St3eM5qxsyfH07kLirP7NJcDMgvu3eQ29MeyTZ3ugkgW6LvlmJue7eTQyf6CZlanoF5SSg==}
    cpu: [arm64]
    os: [linux]
    libc: [musl]

  '@rspack/binding-linux-arm64-musl@2.0.0-beta.8':
    resolution: {integrity: sha512-jJ1XB7Yz9YdPRA6MJ35S9/mb+3jeI4p9v78E3dexzCPA3G4X7WXbyOcRbUlYcyOlE5MtX5O19rDexqWlkD9tVw==}
    cpu: [arm64]
    os: [linux]
    libc: [musl]

  '@rspack/binding-linux-x64-gnu@1.7.10':
    resolution: {integrity: sha512-aIm2G4Kcm3qxDTNqKarK0oaLY2iXnCmpRQQhAcMlR0aS2LmxL89XzVeRr9GFA1MzGrAsZONWCLkxQvn3WUbm4Q==}
    cpu: [x64]
    os: [linux]
    libc: [glibc]

  '@rspack/binding-linux-x64-gnu@2.0.0-beta.8':
    resolution: {integrity: sha512-qy+fK/tiYw3KvGjTGGMu/mWOdvBYrMO8xva/ouiaRTrx64PPZ6vyqFXOUfHj9rhY5L6aU2NTObpV6HZHcBtmhQ==}
    cpu: [x64]
    os: [linux]
    libc: [glibc]

  '@rspack/binding-linux-x64-musl@1.7.10':
    resolution: {integrity: sha512-SIHQbAgB9IPH0H3H+i5rN5jo9yA/yTMq8b7XfRkTMvZ7P7MXxJ0dE8EJu3BmCLM19sqnTc2eX+SVfE8ZMDzghA==}
    cpu: [x64]
    os: [linux]
    libc: [musl]

  '@rspack/binding-linux-x64-musl@2.0.0-beta.8':
    resolution: {integrity: sha512-eJF1IsayHhsURu5Dp6fzdr5jYGeJmoREOZAc9UV3aEqY6zNAcWgZT1RwKCCujJylmHgCTCOuxqdK/VdFJqWDyw==}
    cpu: [x64]
    os: [linux]
    libc: [musl]

  '@rspack/binding-wasm32-wasi@1.7.10':
    resolution: {integrity: sha512-J9HDXHD1tj+9FmX4+K3CTkO7dCE2bootlR37YuC2Owc0Lwl1/i2oGT71KHnMqI9faF/hipAaQM5OywkiiuNB7w==}
    cpu: [wasm32]

  '@rspack/binding-wasm32-wasi@2.0.0-beta.8':
    resolution: {integrity: sha512-HssdOQE8i+nUWoK+NDeD5OSyNxf80k3elKCl/due3WunoNn0h6tUTSZ8QB+bhcT4tjH9vTbibWZIT91avtvUNw==}
    cpu: [wasm32]

  '@rspack/binding-win32-arm64-msvc@1.7.10':
    resolution: {integrity: sha512-FaQGSCXH89nMOYW0bVp0bKQDQbrOEFFm7yedla7g6mkWlFVQo5UyBxid5wJUCqGJBtJepRxeRfByWiaI5nVGvg==}
    cpu: [arm64]
    os: [win32]

  '@rspack/binding-win32-arm64-msvc@2.0.0-beta.8':
    resolution: {integrity: sha512-RuHbXuIMJr0ANMFoGXIb3sUZE5VwIsJw70u3TKPwfoaOFiJjgW7Pi2JTLPoTYfOlE+CNcu2ldX8VJRBbktR4NA==}
    cpu: [arm64]
    os: [win32]

  '@rspack/binding-win32-ia32-msvc@1.7.10':
    resolution: {integrity: sha512-/66TNLOeM4R5dHhRWRVbMTgWghgxz+32ym0c/zGGXQRoMbz7210EoL40ALUgdBdeeREO8LoV+Mn7v8/QZCwHzw==}
    cpu: [ia32]
    os: [win32]

  '@rspack/binding-win32-ia32-msvc@2.0.0-beta.8':
    resolution: {integrity: sha512-ajzIOk30zjTKPiay+d6oV7lqzzqdgIXQhDD5YtcOqPn7NTh7949EB1NZX5l3Ueh1m8k4DSe7n07qFLjHDhZ8jw==}
    cpu: [ia32]
    os: [win32]

  '@rspack/binding-win32-x64-msvc@1.7.10':
    resolution: {integrity: sha512-SUa3v1W7PGFCy6AHRmDsm43/tkfaZFi1TN2oIk5aCdT9T51baDVBjAbehRDu9xFbK4piL3k7uqIVSIrKgVqk1g==}
    cpu: [x64]
    os: [win32]

  '@rspack/binding-win32-x64-msvc@2.0.0-beta.8':
    resolution: {integrity: sha512-MqPuHCbxyLSEjavbhYapHs7cvs2zSA9GKd8nJtDuSMmDTVHFzwHfUXTffUMFB4JTCAvdpMn8XtOG/UOW5QVRCA==}
    cpu: [x64]
    os: [win32]

  '@rspack/binding@1.7.10':
    resolution: {integrity: sha512-j+DPEaSJLRgasxXNpYQpvC7wUkQF5WoWPiTfm4fLczwlAmYwGSVkJiyWDrOlvVPiGGYiXIaXEjVWTw6fT6/vnA==}

  '@rspack/binding@2.0.0-beta.8':
    resolution: {integrity: sha512-6tG/yYhUIF1zcEF7qw9GPA1Bwj5gq+Hqy4OzVzIBUWOn/2bKsFTWuorEJh8Yx1LwOnjNO7O+NbsATvk5zEOGKQ==}

  '@rspack/core@1.7.10':
    resolution: {integrity: sha512-dO7J0aHSa9Fg2kGT0+ZsM500lMdlNIyCHavIaz7dTDn6KXvFz1qbWQ/48x3OlNFw1mA0jxAjjw9e7h3sWQZUNg==}
    engines: {node: '>=18.12.0'}
    peerDependencies:
      '@swc/helpers': '>=0.5.1'
    peerDependenciesMeta:
      '@swc/helpers':
        optional: true

  '@rspack/core@2.0.0-beta.8':
    resolution: {integrity: sha512-GHiMNhcxfzJV3DqxIYYjiBGzhFkwwt+jSJl8+aVFRbQM0AYRdZJSfQDH4G5rHD1gO2yc3ktOOMHYnZWNtXCwdA==}
    engines: {node: ^20.19.0 || >=22.12.0}
    peerDependencies:
      '@module-federation/runtime-tools': ^0.24.1 || ^2.0.0
      '@swc/helpers': '>=0.5.1'
    peerDependenciesMeta:
      '@module-federation/runtime-tools':
        optional: true
      '@swc/helpers':
        optional: true

  '@rspack/lite-tapable@1.1.0':
    resolution: {integrity: sha512-E2B0JhYFmVAwdDiG14+DW0Di4Ze4Jg10Pc4/lILUrd5DRCaklduz2OvJ5HYQ6G+hd+WTzqQb3QnDNfK4yvAFYw==}

  '@rspack/plugin-react-refresh@1.6.1':
    resolution: {integrity: sha512-eqqW5645VG3CzGzFgNg5HqNdHVXY+567PGjtDhhrM8t67caxmsSzRmT5qfoEIfBcGgFkH9vEg7kzXwmCYQdQDw==}
    peerDependencies:
      react-refresh: '>=0.10.0 <1.0.0'
      webpack-hot-middleware: 2.x
    peerDependenciesMeta:
      webpack-hot-middleware:
        optional: true

  '@swc/helpers@0.5.19':
    resolution: {integrity: sha512-QamiFeIK3txNjgUTNppE6MiG3p7TdninpZu0E0PbqVh1a9FNLT2FRhisaa4NcaX52XVhA5l7Pk58Ft7Sqi/2sA==}

  '@tybys/wasm-util@0.10.1':
    resolution: {integrity: sha512-9tTaPJLSiejZKx+Bmog4uSubteqTvFrVrURwkmHixBo0G4seD0zUxp98E1DzUBJxLQ3NPwXrGKDiVjwx/DpPsg==}

  '@types/node@24.12.0':
    resolution: {integrity: sha512-GYDxsZi3ChgmckRT9HPU0WEhKLP08ev/Yfcq2AstjrDASOYCSXeyjDsHg4v5t4jOj7cyDX3vmprafKlWIG9MXQ==}

  core-js@3.47.0:
    resolution: {integrity: sha512-c3Q2VVkGAUyupsjRnaNX6u8Dq2vAdzm9iuPj5FW0fRxzlxgq9Q39MDq10IvmQSpLgHQNyQzQmOo6bgGHmH3NNg==}

  error-stack-parser@2.1.4:
    resolution: {integrity: sha512-Sk5V6wVazPhq5MhpO+AUxJn5x7XSXGl1R93Vn7i+zS15KDVxQijejNCrz8340/2bgLBjR9GtEG8ZVKONDjcqGQ==}

  fsevents@2.3.2:
    resolution: {integrity: sha512-xiqMQR4xAeHTuB9uWm+fFRcIOgKBMiOBP+eXiyT7jsgVCq1bkVygt00oASowB7EdtpOHaaPgKt812P9ab+DDKA==}
    engines: {node: ^8.16.0 || ^10.6.0 || >=11.0.0}
    os: [darwin]

  html-entities@2.6.0:
    resolution: {integrity: sha512-kig+rMn/QOVRvr7c86gQ8lWXq+Hkv6CbAH1hLu+RG338StTpE8Z0b44SDVaqVu7HGKf27frdmUYEs9hTUX/cLQ==}

  jiti@2.6.1:
    resolution: {integrity: sha512-ekilCSN1jwRvIbgeg/57YFh8qQDNbwDb9xT/qu2DAHbFFZUicIl4ygVaAvzveMhMVr3LnpSKTNnwt8PoOfmKhQ==}
    hasBin: true

  nano-staged@0.9.0:
    resolution: {integrity: sha512-0JfyX4i0Vp5HhC9RDtJ1kp7psz8CFuS3Gya3Z6WZv//QCwA9dPzi1S803VdR0c0P6R7sSvweZ5mSJmYQ/N+loQ==}
    engines: {node: ^12.20.0 || ^14.13.1 || >=16.0.0}
    hasBin: true

  picocolors@1.0.0:
    resolution: {integrity: sha512-1fygroTLlHu66zi26VoTDv8yRgm0Fccecssto+MhsZ0D/DGW2sm8E8AjW7NU5VVTRt5GxbeZ5qBuJr+HyLYkjQ==}

  playwright-core@1.58.2:
    resolution: {integrity: sha512-yZkEtftgwS8CsfYo7nm0KE8jsvm6i/PTgVtB8DL726wNf6H2IMsDuxCpJj59KDaxCtSnrWan2AeDqM7JBaultg==}
    engines: {node: '>=18'}
    hasBin: true

  playwright@1.58.2:
    resolution: {integrity: sha512-vA30H8Nvkq/cPBnNw4Q8TWz1EJyqgpuinBcHET0YVJVFldr8JDNiU9LaWAE1KqSkRYazuaBhTpB5ZzShOezQ6A==}
    engines: {node: '>=18'}
    hasBin: true

  react-dom@19.2.4:
    resolution: {integrity: sha512-AXJdLo8kgMbimY95O2aKQqsz2iWi9jMgKJhRBAxECE4IFxfcazB2LmzloIoibJI3C12IlY20+KFaLv+71bUJeQ==}
    peerDependencies:
      react: ^19.2.4

  react-refresh@0.18.0:
    resolution: {integrity: sha512-QgT5//D3jfjJb6Gsjxv0Slpj23ip+HtOpnNgnb2S5zU3CB26G/IDPGoy4RJB42wzFE46DRsstbW6tKHoKbhAxw==}
    engines: {node: '>=0.10.0'}

  react@19.2.4:
    resolution: {integrity: sha512-9nfp2hYpCwOjAN+8TZFGhtWEwgvWHXqESH8qT89AT/lWklpLON22Lc8pEtnpsZz7VmawabSU0gCjnj8aC0euHQ==}
    engines: {node: '>=0.10.0'}

  rsbuild-plugin-dts@0.20.1:
    resolution: {integrity: sha512-V3cQ/hh8XpkZIYFmokGlk0OLsSSuttpeGgiSjNVRFsXsKxQUG1B8GhLDJ4wVKSZGAiRjZdQu+e96Y5QF6Ra/og==}
    engines: {node: ^20.19.0 || >=22.12.0}
    peerDependencies:
      '@microsoft/api-extractor': ^7
      '@rsbuild/core': ^1.0.0 || ^2.0.0-0
      '@typescript/native-preview': 7.x
      typescript: ^5 || ^6
    peerDependenciesMeta:
      '@microsoft/api-extractor':
        optional: true
      '@typescript/native-preview':
        optional: true
      typescript:
        optional: true

  scheduler@0.27.0:
    resolution: {integrity: sha512-eNv+WrVbKu1f3vbYJT/xtiF5syA5HPIMtf9IgY/nKg0sWqzAUEvqY/xm7OcZc/qafLx/iO9FgOmeSAp4v5ti/Q==}

  simple-git-hooks@2.13.1:
    resolution: {integrity: sha512-WszCLXwT4h2k1ufIXAgsbiTOazqqevFCIncOuUBZJ91DdvWcC5+OFkluWRQPrcuSYd8fjq+o2y1QfWqYMoAToQ==}
    hasBin: true

  stackframe@1.3.4:
    resolution: {integrity: sha512-oeVtt7eWQS+Na6F//S4kJ2K2VbRlS9D43mAlMyVpVWovy9o+jfgH8O9agzANzaiLjclA0oYzUXEM4PurhSUChw==}

  tslib@2.8.1:
    resolution: {integrity: sha512-oJFu94HQb+KVduSUQL7wnpmqnfmLsOA/nAh6b6EH0wCEoK0/mPeXU6c3wKDV83MkOuHPRHtSXKKU99IBazS/2w==}

  typescript@6.0.2:
    resolution: {integrity: sha512-bGdAIrZ0wiGDo5l8c++HWtbaNCWTS4UTv7RaTH/ThVIgjkveJt83m74bBHMJkuCbslY8ixgLBVZJIOiQlQTjfQ==}
    engines: {node: '>=14.17'}
    hasBin: true

  undici-types@7.16.0:
    resolution: {integrity: sha512-Zz+aZWSj8LE6zoxD+xrjh4VfkIG8Ya6LvYkZqtUQGJPZjYl53ypCaUwWqo7eI0x66KBGeRo+mlBEkMSeSZ38Nw==}

snapshots:

  '@ast-grep/napi-darwin-arm64@0.37.0':
    optional: true

  '@ast-grep/napi-darwin-x64@0.37.0':
    optional: true

  '@ast-grep/napi-linux-arm64-gnu@0.37.0':
    optional: true

  '@ast-grep/napi-linux-arm64-musl@0.37.0':
    optional: true

  '@ast-grep/napi-linux-x64-gnu@0.37.0':
    optional: true

  '@ast-grep/napi-linux-x64-musl@0.37.0':
    optional: true

  '@ast-grep/napi-win32-arm64-msvc@0.37.0':
    optional: true

  '@ast-grep/napi-win32-ia32-msvc@0.37.0':
    optional: true

  '@ast-grep/napi-win32-x64-msvc@0.37.0':
    optional: true

  '@ast-grep/napi@0.37.0':
    optionalDependencies:
      '@ast-grep/napi-darwin-arm64': 0.37.0
      '@ast-grep/napi-darwin-x64': 0.37.0
      '@ast-grep/napi-linux-arm64-gnu': 0.37.0
      '@ast-grep/napi-linux-arm64-musl': 0.37.0
      '@ast-grep/napi-linux-x64-gnu': 0.37.0
      '@ast-grep/napi-linux-x64-musl': 0.37.0
      '@ast-grep/napi-win32-arm64-msvc': 0.37.0
      '@ast-grep/napi-win32-ia32-msvc': 0.37.0
      '@ast-grep/napi-win32-x64-msvc': 0.37.0

  '@biomejs/biome@2.4.9':
    optionalDependencies:
      '@biomejs/cli-darwin-arm64': 2.4.9
      '@biomejs/cli-darwin-x64': 2.4.9
      '@biomejs/cli-linux-arm64': 2.4.9
      '@biomejs/cli-linux-arm64-musl': 2.4.9
      '@biomejs/cli-linux-x64': 2.4.9
      '@biomejs/cli-linux-x64-musl': 2.4.9
      '@biomejs/cli-win32-arm64': 2.4.9
      '@biomejs/cli-win32-x64': 2.4.9

  '@biomejs/cli-darwin-arm64@2.4.9':
    optional: true

  '@biomejs/cli-darwin-x64@2.4.9':
    optional: true

  '@biomejs/cli-linux-arm64-musl@2.4.9':
    optional: true

  '@biomejs/cli-linux-arm64@2.4.9':
    optional: true

  '@biomejs/cli-linux-x64-musl@2.4.9':
    optional: true

  '@biomejs/cli-linux-x64@2.4.9':
    optional: true

  '@biomejs/cli-win32-arm64@2.4.9':
    optional: true

  '@biomejs/cli-win32-x64@2.4.9':
    optional: true

  '@emnapi/core@1.5.0':
    dependencies:
      '@emnapi/wasi-threads': 1.1.0
      tslib: 2.8.1
    optional: true

  '@emnapi/core@1.9.1':
    dependencies:
      '@emnapi/wasi-threads': 1.2.0
      tslib: 2.8.1
    optional: true

  '@emnapi/runtime@1.5.0':
    dependencies:
      tslib: 2.8.1
    optional: true

  '@emnapi/runtime@1.9.1':
    dependencies:
      tslib: 2.8.1
    optional: true

  '@emnapi/wasi-threads@1.1.0':
    dependencies:
      tslib: 2.8.1
    optional: true

  '@emnapi/wasi-threads@1.2.0':
    dependencies:
      tslib: 2.8.1
    optional: true

  '@module-federation/error-codes@0.22.0': {}

  '@module-federation/runtime-core@0.22.0':
    dependencies:
      '@module-federation/error-codes': 0.22.0
      '@module-federation/sdk': 0.22.0

  '@module-federation/runtime-tools@0.22.0':
    dependencies:
      '@module-federation/runtime': 0.22.0
      '@module-federation/webpack-bundler-runtime': 0.22.0

  '@module-federation/runtime@0.22.0':
    dependencies:
      '@module-federation/error-codes': 0.22.0
      '@module-federation/runtime-core': 0.22.0
      '@module-federation/sdk': 0.22.0

  '@module-federation/sdk@0.22.0': {}

  '@module-federation/webpack-bundler-runtime@0.22.0':
    dependencies:
      '@module-federation/runtime': 0.22.0
      '@module-federation/sdk': 0.22.0

  '@napi-rs/wasm-runtime@1.0.7':
    dependencies:
      '@emnapi/core': 1.5.0
      '@emnapi/runtime': 1.5.0
      '@tybys/wasm-util': 0.10.1
    optional: true

  '@napi-rs/wasm-runtime@1.1.1':
    dependencies:
      '@emnapi/core': 1.9.1
      '@emnapi/runtime': 1.9.1
      '@tybys/wasm-util': 0.10.1
    optional: true

  '@playwright/test@1.58.2':
    dependencies:
      playwright: 1.58.2

  '@rsbuild/core@1.7.4':
    dependencies:
      '@rspack/core': 1.7.10(@swc/helpers@0.5.19)
      '@rspack/lite-tapable': 1.1.0
      '@swc/helpers': 0.5.19
      core-js: 3.47.0
      jiti: 2.6.1

  '@rsbuild/core@2.0.0-beta.10(core-js@3.47.0)':
    dependencies:
      '@rspack/core': 2.0.0-beta.8(@swc/helpers@0.5.19)
      '@swc/helpers': 0.5.19
    optionalDependencies:
      core-js: 3.47.0
    transitivePeerDependencies:
      - '@module-federation/runtime-tools'

  '@rsbuild/plugin-react@1.4.6(@rsbuild/core@1.7.4)':
    dependencies:
      '@rspack/plugin-react-refresh': 1.6.1(react-refresh@0.18.0)
      react-refresh: 0.18.0
    optionalDependencies:
      '@rsbuild/core': 1.7.4
    transitivePeerDependencies:
      - webpack-hot-middleware

  '@rslib/core@0.20.1(core-js@3.47.0)(typescript@6.0.2)':
    dependencies:
      '@rsbuild/core': 2.0.0-beta.10(core-js@3.47.0)
      rsbuild-plugin-dts: 0.20.1(@rsbuild/core@2.0.0-beta.10(core-js@3.47.0))(typescript@6.0.2)
    optionalDependencies:
      typescript: 6.0.2
    transitivePeerDependencies:
      - '@module-federation/runtime-tools'
      - '@typescript/native-preview'
      - core-js

  '@rspack/binding-darwin-arm64@1.7.10':
    optional: true

  '@rspack/binding-darwin-arm64@2.0.0-beta.8':
    optional: true

  '@rspack/binding-darwin-x64@1.7.10':
    optional: true

  '@rspack/binding-darwin-x64@2.0.0-beta.8':
    optional: true

  '@rspack/binding-linux-arm64-gnu@1.7.10':
    optional: true

  '@rspack/binding-linux-arm64-gnu@2.0.0-beta.8':
    optional: true

  '@rspack/binding-linux-arm64-musl@1.7.10':
    optional: true

  '@rspack/binding-linux-arm64-musl@2.0.0-beta.8':
    optional: true

  '@rspack/binding-linux-x64-gnu@1.7.10':
    optional: true

  '@rspack/binding-linux-x64-gnu@2.0.0-beta.8':
    optional: true

  '@rspack/binding-linux-x64-musl@1.7.10':
    optional: true

  '@rspack/binding-linux-x64-musl@2.0.0-beta.8':
    optional: true

  '@rspack/binding-wasm32-wasi@1.7.10':
    dependencies:
      '@napi-rs/wasm-runtime': 1.0.7
    optional: true

  '@rspack/binding-wasm32-wasi@2.0.0-beta.8':
    dependencies:
      '@napi-rs/wasm-runtime': 1.1.1
    optional: true

  '@rspack/binding-win32-arm64-msvc@1.7.10':
    optional: true

  '@rspack/binding-win32-arm64-msvc@2.0.0-beta.8':
    optional: true

  '@rspack/binding-win32-ia32-msvc@1.7.10':
    optional: true

  '@rspack/binding-win32-ia32-msvc@2.0.0-beta.8':
    optional: true

  '@rspack/binding-win32-x64-msvc@1.7.10':
    optional: true

  '@rspack/binding-win32-x64-msvc@2.0.0-beta.8':
    optional: true

  '@rspack/binding@1.7.10':
    optionalDependencies:
      '@rspack/binding-darwin-arm64': 1.7.10
      '@rspack/binding-darwin-x64': 1.7.10
      '@rspack/binding-linux-arm64-gnu': 1.7.10
      '@rspack/binding-linux-arm64-musl': 1.7.10
      '@rspack/binding-linux-x64-gnu': 1.7.10
      '@rspack/binding-linux-x64-musl': 1.7.10
      '@rspack/binding-wasm32-wasi': 1.7.10
      '@rspack/binding-win32-arm64-msvc': 1.7.10
      '@rspack/binding-win32-ia32-msvc': 1.7.10
      '@rspack/binding-win32-x64-msvc': 1.7.10

  '@rspack/binding@2.0.0-beta.8':
    optionalDependencies:
      '@rspack/binding-darwin-arm64': 2.0.0-beta.8
      '@rspack/binding-darwin-x64': 2.0.0-beta.8
      '@rspack/binding-linux-arm64-gnu': 2.0.0-beta.8
      '@rspack/binding-linux-arm64-musl': 2.0.0-beta.8
      '@rspack/binding-linux-x64-gnu': 2.0.0-beta.8
      '@rspack/binding-linux-x64-musl': 2.0.0-beta.8
      '@rspack/binding-wasm32-wasi': 2.0.0-beta.8
      '@rspack/binding-win32-arm64-msvc': 2.0.0-beta.8
      '@rspack/binding-win32-ia32-msvc': 2.0.0-beta.8
      '@rspack/binding-win32-x64-msvc': 2.0.0-beta.8

  '@rspack/core@1.7.10(@swc/helpers@0.5.19)':
    dependencies:
      '@module-federation/runtime-tools': 0.22.0
      '@rspack/binding': 1.7.10
      '@rspack/lite-tapable': 1.1.0
    optionalDependencies:
      '@swc/helpers': 0.5.19

  '@rspack/core@2.0.0-beta.8(@swc/helpers@0.5.19)':
    dependencies:
      '@rspack/binding': 2.0.0-beta.8
    optionalDependencies:
      '@swc/helpers': 0.5.19

  '@rspack/lite-tapable@1.1.0': {}

  '@rspack/plugin-react-refresh@1.6.1(react-refresh@0.18.0)':
    dependencies:
      error-stack-parser: 2.1.4
      html-entities: 2.6.0
      react-refresh: 0.18.0

  '@swc/helpers@0.5.19':
    dependencies:
      tslib: 2.8.1

  '@tybys/wasm-util@0.10.1':
    dependencies:
      tslib: 2.8.1
    optional: true

  '@types/node@24.12.0':
    dependencies:
      undici-types: 7.16.0

  core-js@3.47.0: {}

  error-stack-parser@2.1.4:
    dependencies:
      stackframe: 1.3.4

  fsevents@2.3.2:
    optional: true

  html-entities@2.6.0: {}

  jiti@2.6.1: {}

  nano-staged@0.9.0:
    dependencies:
      picocolors: 1.0.0

  picocolors@1.0.0: {}

  playwright-core@1.58.2: {}

  playwright@1.58.2:
    dependencies:
      playwright-core: 1.58.2
    optionalDependencies:
      fsevents: 2.3.2

  react-dom@19.2.4(react@19.2.4):
    dependencies:
      react: 19.2.4
      scheduler: 0.27.0

  react-refresh@0.18.0: {}

  react@19.2.4: {}

  rsbuild-plugin-dts@0.20.1(@rsbuild/core@2.0.0-beta.10(core-js@3.47.0))(typescript@6.0.2):
    dependencies:
      '@ast-grep/napi': 0.37.0
      '@rsbuild/core': 2.0.0-beta.10(core-js@3.47.0)
    optionalDependencies:
      typescript: 6.0.2

  scheduler@0.27.0: {}

  simple-git-hooks@2.13.1: {}

  stackframe@1.3.4: {}

  tslib@2.8.1: {}

  typescript@6.0.2: {}

  undici-types@7.16.0: {}
