lockfileVersion: '9.0'

settings:
  autoInstallPeers: true
  excludeLinksFromLockfile: false

importers:

  .:
    devDependencies:
      '@biomejs/biome':
        specifier: ^2.4.7
        version: 2.4.7
      '@playwright/test':
        specifier: ^1.58.2
        version: 1.58.2
      '@rsbuild/core':
        specifier: ^1.7.3
        version: 1.7.3
      '@rsbuild/plugin-react':
        specifier: ^1.4.6
        version: 1.4.6(@rsbuild/core@1.7.3)
      '@rslib/core':
        specifier: ^0.20.0
        version: 0.20.0(core-js@3.47.0)(typescript@5.9.3)
      '@types/node':
        specifier: ^24.12.0
        version: 24.12.0
      nano-staged:
        specifier: ^0.9.0
        version: 0.9.0
      playwright:
        specifier: ^1.58.2
        version: 1.58.2
      react:
        specifier: ^19.2.4
        version: 19.2.4
      react-dom:
        specifier: ^19.2.4
        version: 19.2.4(react@19.2.4)
      simple-git-hooks:
        specifier: ^2.13.1
        version: 2.13.1
      typescript:
        specifier: ^5.9.3
        version: 5.9.3

packages:

  '@ast-grep/napi-darwin-arm64@0.37.0':
    resolution: {integrity: sha512-QAiIiaAbLvMEg/yBbyKn+p1gX2/FuaC0SMf7D7capm/oG4xGMzdeaQIcSosF4TCxxV+hIH4Bz9e4/u7w6Bnk3Q==}
    engines: {node: '>= 10'}
    cpu: [arm64]
    os: [darwin]

  '@ast-grep/napi-darwin-x64@0.37.0':
    resolution: {integrity: sha512-zvcvdgekd4ySV3zUbUp8HF5nk5zqwiMXTuVzTUdl/w08O7JjM6XPOIVT+d2o/MqwM9rsXdzdergY5oY2RdhSPA==}
    engines: {node: '>= 10'}
    cpu: [x64]
    os: [darwin]

  '@ast-grep/napi-linux-arm64-gnu@0.37.0':
    resolution: {integrity: sha512-L7Sj0lXy8X+BqSMgr1LB8cCoWk0rericdeu+dC8/c8zpsav5Oo2IQKY1PmiZ7H8IHoFBbURLf8iklY9wsD+cyA==}
    engines: {node: '>= 10'}
    cpu: [arm64]
    os: [linux]
    libc: [glibc]

  '@ast-grep/napi-linux-arm64-musl@0.37.0':
    resolution: {integrity: sha512-LF9sAvYy6es/OdyJDO3RwkX3I82Vkfsng1sqUBcoWC1jVb1wX5YVzHtpQox9JrEhGl+bNp7FYxB4Qba9OdA5GA==}
    engines: {node: '>= 10'}
    cpu: [arm64]
    os: [linux]
    libc: [musl]

  '@ast-grep/napi-linux-x64-gnu@0.37.0':
    resolution: {integrity: sha512-TViz5/klqre6aSmJzswEIjApnGjJzstG/SE8VDWsrftMBMYt2PTu3MeluZVwzSqDao8doT/P+6U11dU05UOgxw==}
    engines: {node: '>= 10'}
    cpu: [x64]
    os: [linux]
    libc: [glibc]

  '@ast-grep/napi-linux-x64-musl@0.37.0':
    resolution: {integrity: sha512-/BcCH33S9E3ovOAEoxYngUNXgb+JLg991sdyiNP2bSoYd30a9RHrG7CYwW6fMgua3ijQ474eV6cq9yZO1bCpXg==}
    engines: {node: '>= 10'}
    cpu: [x64]
    os: [linux]
    libc: [musl]

  '@ast-grep/napi-win32-arm64-msvc@0.37.0':
    resolution: {integrity: sha512-TjQA4cFoIEW2bgjLkaL9yqT4XWuuLa5MCNd0VCDhGRDMNQ9+rhwi9eLOWRaap3xzT7g+nlbcEHL3AkVCD2+b3A==}
    engines: {node: '>= 10'}
    cpu: [arm64]
    os: [win32]

  '@ast-grep/napi-win32-ia32-msvc@0.37.0':
    resolution: {integrity: sha512-uNmVka8fJCdYsyOlF9aZqQMLTatEYBynjChVTzUfFMDfmZ0bihs/YTqJVbkSm8TZM7CUX82apvn50z/dX5iWRA==}
    engines: {node: '>= 10'}
    cpu: [ia32]
    os: [win32]

  '@ast-grep/napi-win32-x64-msvc@0.37.0':
    resolution: {integrity: sha512-vCiFOT3hSCQuHHfZ933GAwnPzmL0G04JxQEsBRfqONywyT8bSdDc/ECpAfr3S9VcS4JZ9/F6tkePKW/Om2Dq2g==}
    engines: {node: '>= 10'}
    cpu: [x64]
    os: [win32]

  '@ast-grep/napi@0.37.0':
    resolution: {integrity: sha512-Hb4o6h1Pf6yRUAX07DR4JVY7dmQw+RVQMW5/m55GoiAT/VRoKCWBtIUPPOnqDVhbx1Cjfil9b6EDrgJsUAujEQ==}
    engines: {node: '>= 10'}

  '@biomejs/biome@2.4.7':
    resolution: {integrity: sha512-vXrgcmNGZ4lpdwZSpMf1hWw1aWS6B+SyeSYKTLrNsiUsAdSRN0J4d/7mF3ogJFbIwFFSOL3wT92Zzxia/d5/ng==}
    engines: {node: '>=14.21.3'}
    hasBin: true

  '@biomejs/cli-darwin-arm64@2.4.7':
    resolution: {integrity: sha512-Oo0cF5mHzmvDmTXw8XSjhCia8K6YrZnk7aCS54+/HxyMdZMruMO3nfpDsrlar/EQWe41r1qrwKiCa2QDYHDzWA==}
    engines: {node: '>=14.21.3'}
    cpu: [arm64]
    os: [darwin]

  '@biomejs/cli-darwin-x64@2.4.7':
    resolution: {integrity: sha512-I+cOG3sd/7HdFtvDSnF9QQPrWguUH7zrkIMMykM3PtfWU9soTcS2yRb9Myq6MHmzbeCT08D1UmY+BaiMl5CcoQ==}
    engines: {node: '>=14.21.3'}
    cpu: [x64]
    os: [darwin]

  '@biomejs/cli-linux-arm64-musl@2.4.7':
    resolution: {integrity: sha512-I2NvM9KPb09jWml93O2/5WMfNR7Lee5Latag1JThDRMURVhPX74p9UDnyTw3Ae6cE1DgXfw7sqQgX7rkvpc0vw==}
    engines: {node: '>=14.21.3'}
    cpu: [arm64]
    os: [linux]
    libc: [musl]

  '@biomejs/cli-linux-arm64@2.4.7':
    resolution: {integrity: sha512-om6FugwmibzfP/6ALj5WRDVSND4H2G9X0nkI1HZpp2ySf9lW2j0X68oQSaHEnls6666oy4KDsc5RFjT4m0kV0w==}
    engines: {node: '>=14.21.3'}
    cpu: [arm64]
    os: [linux]
    libc: [glibc]

  '@biomejs/cli-linux-x64-musl@2.4.7':
    resolution: {integrity: sha512-00kx4YrBMU8374zd2wHuRV5wseh0rom5HqRND+vDldJPrWwQw+mzd/d8byI9hPx926CG+vWzq6AeiT7Yi5y59g==}
    engines: {node: '>=14.21.3'}
    cpu: [x64]
    os: [linux]
    libc: [musl]

  '@biomejs/cli-linux-x64@2.4.7':
    resolution: {integrity: sha512-bV8/uo2Tj+gumnk4sUdkerWyCPRabaZdv88IpbmDWARQQoA/Q0YaqPz1a+LSEDIL7OfrnPi9Hq1Llz4ZIGyIQQ==}
    engines: {node: '>=14.21.3'}
    cpu: [x64]
    os: [linux]
    libc: [glibc]

  '@biomejs/cli-win32-arm64@2.4.7':
    resolution: {integrity: sha512-hOUHBMlFCvDhu3WCq6vaBoG0dp0LkWxSEnEEsxxXvOa9TfT6ZBnbh72A/xBM7CBYB7WgwqboetzFEVDnMxelyw==}
    engines: {node: '>=14.21.3'}
    cpu: [arm64]
    os: [win32]

  '@biomejs/cli-win32-x64@2.4.7':
    resolution: {integrity: sha512-qEpGjSkPC3qX4ycbMUthXvi9CkRq7kZpkqMY1OyhmYlYLnANnooDQ7hDerM8+0NJ+DZKVnsIc07h30XOpt7LtQ==}
    engines: {node: '>=14.21.3'}
    cpu: [x64]
    os: [win32]

  '@emnapi/core@1.5.0':
    resolution: {integrity: sha512-sbP8GzB1WDzacS8fgNPpHlp6C9VZe+SJP3F90W9rLemaQj2PzIuTEl1qDOYQf58YIpyjViI24y9aPWCjEzY2cg==}

  '@emnapi/runtime@1.5.0':
    resolution: {integrity: sha512-97/BJ3iXHww3djw6hYIfErCZFee7qCtrneuLa20UXFCOTCfBM2cvQHjWJ2EG0s0MtdNwInarqCTz35i4wWXHsQ==}

  '@emnapi/wasi-threads@1.1.0':
    resolution: {integrity: sha512-WI0DdZ8xFSbgMjR1sFsKABJ/C5OnRrjT06JXbZKexJGrDuPTzZdDYfFlsgcCXCyf+suG5QU2e/y1Wo2V/OapLQ==}

  '@module-federation/error-codes@0.22.0':
    resolution: {integrity: sha512-xF9SjnEy7vTdx+xekjPCV5cIHOGCkdn3pIxo9vU7gEZMIw0SvAEdsy6Uh17xaCpm8V0FWvR0SZoK9Ik6jGOaug==}

  '@module-federation/runtime-core@0.22.0':
    resolution: {integrity: sha512-GR1TcD6/s7zqItfhC87zAp30PqzvceoeDGYTgF3Vx2TXvsfDrhP6Qw9T4vudDQL3uJRne6t7CzdT29YyVxlgIA==}

  '@module-federation/runtime-tools@0.22.0':
    resolution: {integrity: sha512-4ScUJ/aUfEernb+4PbLdhM/c60VHl698Gn1gY21m9vyC1Ucn69fPCA1y2EwcCB7IItseRMoNhdcWQnzt/OPCNA==}

  '@module-federation/runtime@0.22.0':
    resolution: {integrity: sha512-38g5iPju2tPC3KHMPxRKmy4k4onNp6ypFPS1eKGsNLUkXgHsPMBFqAjDw96iEcjri91BrahG4XcdyKi97xZzlA==}

  '@module-federation/sdk@0.22.0':
    resolution: {integrity: sha512-x4aFNBKn2KVQRuNVC5A7SnrSCSqyfIWmm1DvubjbO9iKFe7ith5niw8dqSFBekYBg2Fwy+eMg4sEFNVvCAdo6g==}

  '@module-federation/webpack-bundler-runtime@0.22.0':
    resolution: {integrity: sha512-aM8gCqXu+/4wBmJtVeMeeMN5guw3chf+2i6HajKtQv7SJfxV/f4IyNQJUeUQu9HfiAZHjqtMV5Lvq/Lvh8LdyA==}

  '@napi-rs/wasm-runtime@1.0.7':
    resolution: {integrity: sha512-SeDnOO0Tk7Okiq6DbXmmBODgOAb9dp9gjlphokTUxmt8U3liIP1ZsozBahH69j/RJv+Rfs6IwUKHTgQYJ/HBAw==}

  '@playwright/test@1.58.2':
    resolution: {integrity: sha512-akea+6bHYBBfA9uQqSYmlJXn61cTa+jbO87xVLCWbTqbWadRVmhxlXATaOjOgcBaWU4ePo0wB41KMFv3o35IXA==}
    engines: {node: '>=18'}
    hasBin: true

  '@rsbuild/core@1.7.3':
    resolution: {integrity: sha512-kI1oQvCXbQYxUvQPnDLdjSX4gFsbrFNpuUj6jXEJ7IcJ74Q+n4oeFj74/8tKerhxhe0L90m/ZQfzLeN5ORGA9w==}
    engines: {node: '>=18.12.0'}
    hasBin: true

  '@rsbuild/core@2.0.0-beta.8':
    resolution: {integrity: sha512-MUxbKJPE1agOK3eCHjKvBIiA+CcZ0TJU/ANKDBLMjK2Er+wq4r5c2ne53+Pi7DtIExoMbSSWBx+RP3CMewKGVA==}
    engines: {node: ^20.19.0 || >=22.12.0}
    hasBin: true
    peerDependencies:
      core-js: '>= 3.0.0'
    peerDependenciesMeta:
      core-js:
        optional: true

  '@rsbuild/plugin-react@1.4.6':
    resolution: {integrity: sha512-LAT6xHlEyZKA0VjF/ph5d50iyG+WSmBx+7g98HNZUwb94VeeTMZFB8qVptTkbIRMss3BNKOXmHOu71Lhsh9oEw==}
    peerDependencies:
      '@rsbuild/core': ^1.0.0 || ^2.0.0-0
    peerDependenciesMeta:
      '@rsbuild/core':
        optional: true

  '@rslib/core@0.20.0':
    resolution: {integrity: sha512-hsRwjMbBla8lyKIVR0gFsK5M3j+LSbFOTafvbT0QR90ehZXwlu+EhpHJv8v/uIRT50RVlgCrcT+LCVr1oU3pbA==}
    engines: {node: ^20.19.0 || >=22.12.0}
    hasBin: true
    peerDependencies:
      '@microsoft/api-extractor': ^7
      typescript: ^5
    peerDependenciesMeta:
      '@microsoft/api-extractor':
        optional: true
      typescript:
        optional: true

  '@rspack/binding-darwin-arm64@1.7.7':
    resolution: {integrity: sha512-eL14fHy2JqfQ0YA5YMN2hktXhbafDSZt5kthvlBCbpQZLnYB7RP7TjHManIW/xFpnzrabvxkrLUOHhuIbWixIw==}
    cpu: [arm64]
    os: [darwin]

  '@rspack/binding-darwin-arm64@2.0.0-beta.6':
    resolution: {integrity: sha512-FQ8zflthQJJf0cM0vDFnfnXrTOnRvwz886tiafbwu1RO5qmh+pJH+xg1eQaLPnRPqLTlcmnpngyacYFUxw+1AA==}
    cpu: [arm64]
    os: [darwin]

  '@rspack/binding-darwin-x64@1.7.7':
    resolution: {integrity: sha512-Zt+whHag/cTw1pZfRwkv11tu5LaAHy2VkvRVCsHClwrfp81PRcNJ2oRMurOUmRt1YL0mRdpRbZTh7XjGSc6gGw==}
    cpu: [x64]
    os: [darwin]

  '@rspack/binding-darwin-x64@2.0.0-beta.6':
    resolution: {integrity: sha512-Cr4P19anOIaHtK8Z20Hl12PPUcs3LM24ZSQPfs0gPS0etzSOE4JRsqW/79GnnjZd/A+Wola/dZcnMVS44e3c3A==}
    cpu: [x64]
    os: [darwin]

  '@rspack/binding-linux-arm64-gnu@1.7.7':
    resolution: {integrity: sha512-uSq4qkvmAzSDUTKE2v4yUgHIBdTily1k3BcK5wBCGFm9OPODj5lQZpAdOHHIwu+Jxyjoa7Mb64tghhj9hZcXcA==}
    cpu: [arm64]
    os: [linux]
    libc: [glibc]

  '@rspack/binding-linux-arm64-gnu@2.0.0-beta.6':
    resolution: {integrity: sha512-MgTzspaj3v9/4T3KQ/fRuj+cit3BnEcgFe4OP+BvUWlTQvxlckDWpDymVhPuIqpx7pJvLcXwdz8mQhvZ87AD5g==}
    cpu: [arm64]
    os: [linux]
    libc: [glibc]

  '@rspack/binding-linux-arm64-musl@1.7.7':
    resolution: {integrity: sha512-NhWCBfiu6plpmLRP6c6D5lBUaVrBr1nvjSEc7VyQF8TGh8URo2btH0wngEiX0nWvidsSlERt1l6Y5QPGuiCl1g==}
    cpu: [arm64]
    os: [linux]
    libc: [musl]

  '@rspack/binding-linux-arm64-musl@2.0.0-beta.6':
    resolution: {integrity: sha512-5vyjbrj3u8x4Crb77QvFJSZkq7QwOuVJff8oStbS/v7cC+NEAQQYB/6Bl0JwyDFAcMMX8ZRyaDjc1o1qQ0Q31g==}
    cpu: [arm64]
    os: [linux]
    libc: [musl]

  '@rspack/binding-linux-x64-gnu@1.7.7':
    resolution: {integrity: sha512-aRvf8gCI7jDeEN9i4u9fY5coa3ZAyHzGVA4ZhTJCgZ5wWA5A9SQewMSq7khS1WAAFE1USlk1tUuPujnrGoYrGg==}
    cpu: [x64]
    os: [linux]
    libc: [glibc]

  '@rspack/binding-linux-x64-gnu@2.0.0-beta.6':
    resolution: {integrity: sha512-GmNJgFHoK5LFQ2m96HrXIgf1zZNe+4yaaOD/5qqcI163QXRqRflfZprmdr2L4R6VsU2i+YQ2Ap2s20Y/zSt6RQ==}
    cpu: [x64]
    os: [linux]
    libc: [glibc]

  '@rspack/binding-linux-x64-musl@1.7.7':
    resolution: {integrity: sha512-ALPto4OT7snzXbYDyqkLfh1BvwDTTH1hPYXGUXBzQ0wEV7sXeyvxCC4yjH6B5MhR7W3tFuF4IfDy5Z4BxmOoGQ==}
    cpu: [x64]
    os: [linux]
    libc: [musl]

  '@rspack/binding-linux-x64-musl@2.0.0-beta.6':
    resolution: {integrity: sha512-tI2S3v8yXel5GL3yPnBNnFZ/dye4TyRM2j7mfJ49M6uTWjfRFyAcuxqw7z9Pyvyhsc1AoOnnXejtqqJpZkBQoA==}
    cpu: [x64]
    os: [linux]
    libc: [musl]

  '@rspack/binding-wasm32-wasi@1.7.7':
    resolution: {integrity: sha512-7DZvUp0v75n451qfZw1ppbPakL6NAc2gjb5e9AJcOb7KUMBHNyOxqpPo/jRYKxH7isPpLfpoId79WQGGNTTMAw==}
    cpu: [wasm32]

  '@rspack/binding-wasm32-wasi@2.0.0-beta.6':
    resolution: {integrity: sha512-Bv9o1zZIDTOzjbliyAwMOGjsL6wiGIPRttJ9CLsdRoKI5XcMTEFHjwlnm1Zs4/EP+zC+bTgseq1EFngIy+nZRg==}
    cpu: [wasm32]

  '@rspack/binding-win32-arm64-msvc@1.7.7':
    resolution: {integrity: sha512-oI08KqyVDKhq1Qi/YPMdrSLDOib0DQes9Cg67NJLZISe5UXwzvgBj7zyyKpaj8TLWnIlKSq4ITr3haRnd4lOfA==}
    cpu: [arm64]
    os: [win32]

  '@rspack/binding-win32-arm64-msvc@2.0.0-beta.6':
    resolution: {integrity: sha512-R/j0VTVKn3gU4a0xKAXJUX6jzmanHsuBHtLSpgnRqKW/20csFzsnsqY9PxaiAObTHVPMCrNvTG5KXHYIqYgACg==}
    cpu: [arm64]
    os: [win32]

  '@rspack/binding-win32-ia32-msvc@1.7.7':
    resolution: {integrity: sha512-nZ/t7XpO/+tRjK6m85an27j8FwJqpYXVSBGReZbB6dVHZiS7l6psjWkIf6A3E2umn/RjA7qvHaPH9czWkH+Fhw==}
    cpu: [ia32]
    os: [win32]

  '@rspack/binding-win32-ia32-msvc@2.0.0-beta.6':
    resolution: {integrity: sha512-v3Gc+gRFTBNLSmyHAgI6mE30W94T0g8jD7S1qamUfX6i50YjDylyiMG1prG/8i/YVNWQynQeQi4Cjfg+Hi7alQ==}
    cpu: [ia32]
    os: [win32]

  '@rspack/binding-win32-x64-msvc@1.7.7':
    resolution: {integrity: sha512-+XnPOC1MoeF5Qa24Z8+DCsytQP0Q9Ifdkh+XzTWgvjpFQmGAkDynHUVfscmJL/8k/nd1l/6TyXCL1EGoqa0huQ==}
    cpu: [x64]
    os: [win32]

  '@rspack/binding-win32-x64-msvc@2.0.0-beta.6':
    resolution: {integrity: sha512-PjaKOG2rQqzOwsmu03EAyTb7oA52CrO1I8JXiBT07adrDysHvKV/Gi+P0XPuDLDMnxNpndoGJMmvfxsymRpwyA==}
    cpu: [x64]
    os: [win32]

  '@rspack/binding@1.7.7':
    resolution: {integrity: sha512-9FqHG2Bl70Bd4gUmwA+3xUx4pYphdLO9ToIm9iMWbBINyArME0XboZg4FoEdU13LqndkWqaamkE613BR0lRF3g==}

  '@rspack/binding@2.0.0-beta.6':
    resolution: {integrity: sha512-oJytPDJT57cz2is0e/e1myWVNxn+ZcII1/fF2Y3TiXVUIihLC/KDm6ISTgaZKr8ZyjTlVIV3V4wSO7IHlYV6aw==}

  '@rspack/core@1.7.7':
    resolution: {integrity: sha512-efwVXxAA9eYgLtYX53zcuuex6Wr8DnOXeIw3JFoA8EuyN7TINGqnvkuGDuE+F9XQxQ3KBzVueiYdMK42sVTyUw==}
    engines: {node: '>=18.12.0'}
    peerDependencies:
      '@swc/helpers': '>=0.5.1'
    peerDependenciesMeta:
      '@swc/helpers':
        optional: true

  '@rspack/core@2.0.0-beta.6':
    resolution: {integrity: sha512-dvi10ijR9Rr0W75GRFqWvswAEdLBsbXCGhxzm6zXxFNSanNL9s9xPelZ8XfnIU13QZkN2VNHGl9O/8KQEmYdEw==}
    engines: {node: ^20.19.0 || >=22.12.0}
    peerDependencies:
      '@module-federation/runtime-tools': ^0.24.1 || ^2.0.0
      '@swc/helpers': '>=0.5.1'
    peerDependenciesMeta:
      '@module-federation/runtime-tools':
        optional: true
      '@swc/helpers':
        optional: true

  '@rspack/lite-tapable@1.1.0':
    resolution: {integrity: sha512-E2B0JhYFmVAwdDiG14+DW0Di4Ze4Jg10Pc4/lILUrd5DRCaklduz2OvJ5HYQ6G+hd+WTzqQb3QnDNfK4yvAFYw==}

  '@rspack/plugin-react-refresh@1.6.1':
    resolution: {integrity: sha512-eqqW5645VG3CzGzFgNg5HqNdHVXY+567PGjtDhhrM8t67caxmsSzRmT5qfoEIfBcGgFkH9vEg7kzXwmCYQdQDw==}
    peerDependencies:
      react-refresh: '>=0.10.0 <1.0.0'
      webpack-hot-middleware: 2.x
    peerDependenciesMeta:
      webpack-hot-middleware:
        optional: true

  '@swc/helpers@0.5.19':
    resolution: {integrity: sha512-QamiFeIK3txNjgUTNppE6MiG3p7TdninpZu0E0PbqVh1a9FNLT2FRhisaa4NcaX52XVhA5l7Pk58Ft7Sqi/2sA==}

  '@tybys/wasm-util@0.10.1':
    resolution: {integrity: sha512-9tTaPJLSiejZKx+Bmog4uSubteqTvFrVrURwkmHixBo0G4seD0zUxp98E1DzUBJxLQ3NPwXrGKDiVjwx/DpPsg==}

  '@types/node@24.12.0':
    resolution: {integrity: sha512-GYDxsZi3ChgmckRT9HPU0WEhKLP08ev/Yfcq2AstjrDASOYCSXeyjDsHg4v5t4jOj7cyDX3vmprafKlWIG9MXQ==}

  core-js@3.47.0:
    resolution: {integrity: sha512-c3Q2VVkGAUyupsjRnaNX6u8Dq2vAdzm9iuPj5FW0fRxzlxgq9Q39MDq10IvmQSpLgHQNyQzQmOo6bgGHmH3NNg==}

  error-stack-parser@2.1.4:
    resolution: {integrity: sha512-Sk5V6wVazPhq5MhpO+AUxJn5x7XSXGl1R93Vn7i+zS15KDVxQijejNCrz8340/2bgLBjR9GtEG8ZVKONDjcqGQ==}

  fsevents@2.3.2:
    resolution: {integrity: sha512-xiqMQR4xAeHTuB9uWm+fFRcIOgKBMiOBP+eXiyT7jsgVCq1bkVygt00oASowB7EdtpOHaaPgKt812P9ab+DDKA==}
    engines: {node: ^8.16.0 || ^10.6.0 || >=11.0.0}
    os: [darwin]

  html-entities@2.6.0:
    resolution: {integrity: sha512-kig+rMn/QOVRvr7c86gQ8lWXq+Hkv6CbAH1hLu+RG338StTpE8Z0b44SDVaqVu7HGKf27frdmUYEs9hTUX/cLQ==}

  jiti@2.6.1:
    resolution: {integrity: sha512-ekilCSN1jwRvIbgeg/57YFh8qQDNbwDb9xT/qu2DAHbFFZUicIl4ygVaAvzveMhMVr3LnpSKTNnwt8PoOfmKhQ==}
    hasBin: true

  nano-staged@0.9.0:
    resolution: {integrity: sha512-0JfyX4i0Vp5HhC9RDtJ1kp7psz8CFuS3Gya3Z6WZv//QCwA9dPzi1S803VdR0c0P6R7sSvweZ5mSJmYQ/N+loQ==}
    engines: {node: ^12.20.0 || ^14.13.1 || >=16.0.0}
    hasBin: true

  picocolors@1.0.0:
    resolution: {integrity: sha512-1fygroTLlHu66zi26VoTDv8yRgm0Fccecssto+MhsZ0D/DGW2sm8E8AjW7NU5VVTRt5GxbeZ5qBuJr+HyLYkjQ==}

  playwright-core@1.58.2:
    resolution: {integrity: sha512-yZkEtftgwS8CsfYo7nm0KE8jsvm6i/PTgVtB8DL726wNf6H2IMsDuxCpJj59KDaxCtSnrWan2AeDqM7JBaultg==}
    engines: {node: '>=18'}
    hasBin: true

  playwright@1.58.2:
    resolution: {integrity: sha512-vA30H8Nvkq/cPBnNw4Q8TWz1EJyqgpuinBcHET0YVJVFldr8JDNiU9LaWAE1KqSkRYazuaBhTpB5ZzShOezQ6A==}
    engines: {node: '>=18'}
    hasBin: true

  react-dom@19.2.4:
    resolution: {integrity: sha512-AXJdLo8kgMbimY95O2aKQqsz2iWi9jMgKJhRBAxECE4IFxfcazB2LmzloIoibJI3C12IlY20+KFaLv+71bUJeQ==}
    peerDependencies:
      react: ^19.2.4

  react-refresh@0.18.0:
    resolution: {integrity: sha512-QgT5//D3jfjJb6Gsjxv0Slpj23ip+HtOpnNgnb2S5zU3CB26G/IDPGoy4RJB42wzFE46DRsstbW6tKHoKbhAxw==}
    engines: {node: '>=0.10.0'}

  react@19.2.4:
    resolution: {integrity: sha512-9nfp2hYpCwOjAN+8TZFGhtWEwgvWHXqESH8qT89AT/lWklpLON22Lc8pEtnpsZz7VmawabSU0gCjnj8aC0euHQ==}
    engines: {node: '>=0.10.0'}

  rsbuild-plugin-dts@0.20.0:
    resolution: {integrity: sha512-CnTJTB59zzQFjPVEjpOaaEw5BeK/eTY6kwt4l5Lr9d3HQk3VRDSKfLWY/hpeZMbZzpCk2TqLrqIhS6a+jg7k7g==}
    engines: {node: ^20.19.0 || >=22.12.0}
    peerDependencies:
      '@microsoft/api-extractor': ^7
      '@rsbuild/core': ^1.0.0 || ^2.0.0-0
      '@typescript/native-preview': 7.x
      typescript: ^5
    peerDependenciesMeta:
      '@microsoft/api-extractor':
        optional: true
      '@typescript/native-preview':
        optional: true
      typescript:
        optional: true

  scheduler@0.27.0:
    resolution: {integrity: sha512-eNv+WrVbKu1f3vbYJT/xtiF5syA5HPIMtf9IgY/nKg0sWqzAUEvqY/xm7OcZc/qafLx/iO9FgOmeSAp4v5ti/Q==}

  simple-git-hooks@2.13.1:
    resolution: {integrity: sha512-WszCLXwT4h2k1ufIXAgsbiTOazqqevFCIncOuUBZJ91DdvWcC5+OFkluWRQPrcuSYd8fjq+o2y1QfWqYMoAToQ==}
    hasBin: true

  stackframe@1.3.4:
    resolution: {integrity: sha512-oeVtt7eWQS+Na6F//S4kJ2K2VbRlS9D43mAlMyVpVWovy9o+jfgH8O9agzANzaiLjclA0oYzUXEM4PurhSUChw==}

  tslib@2.8.1:
    resolution: {integrity: sha512-oJFu94HQb+KVduSUQL7wnpmqnfmLsOA/nAh6b6EH0wCEoK0/mPeXU6c3wKDV83MkOuHPRHtSXKKU99IBazS/2w==}

  typescript@5.9.3:
    resolution: {integrity: sha512-jl1vZzPDinLr9eUt3J/t7V6FgNEw9QjvBPdysz9KfQDD41fQrC2Y4vKQdiaUpFT4bXlb1RHhLpp8wtm6M5TgSw==}
    engines: {node: '>=14.17'}
    hasBin: true

  undici-types@7.16.0:
    resolution: {integrity: sha512-Zz+aZWSj8LE6zoxD+xrjh4VfkIG8Ya6LvYkZqtUQGJPZjYl53ypCaUwWqo7eI0x66KBGeRo+mlBEkMSeSZ38Nw==}

snapshots:

  '@ast-grep/napi-darwin-arm64@0.37.0':
    optional: true

  '@ast-grep/napi-darwin-x64@0.37.0':
    optional: true

  '@ast-grep/napi-linux-arm64-gnu@0.37.0':
    optional: true

  '@ast-grep/napi-linux-arm64-musl@0.37.0':
    optional: true

  '@ast-grep/napi-linux-x64-gnu@0.37.0':
    optional: true

  '@ast-grep/napi-linux-x64-musl@0.37.0':
    optional: true

  '@ast-grep/napi-win32-arm64-msvc@0.37.0':
    optional: true

  '@ast-grep/napi-win32-ia32-msvc@0.37.0':
    optional: true

  '@ast-grep/napi-win32-x64-msvc@0.37.0':
    optional: true

  '@ast-grep/napi@0.37.0':
    optionalDependencies:
      '@ast-grep/napi-darwin-arm64': 0.37.0
      '@ast-grep/napi-darwin-x64': 0.37.0
      '@ast-grep/napi-linux-arm64-gnu': 0.37.0
      '@ast-grep/napi-linux-arm64-musl': 0.37.0
      '@ast-grep/napi-linux-x64-gnu': 0.37.0
      '@ast-grep/napi-linux-x64-musl': 0.37.0
      '@ast-grep/napi-win32-arm64-msvc': 0.37.0
      '@ast-grep/napi-win32-ia32-msvc': 0.37.0
      '@ast-grep/napi-win32-x64-msvc': 0.37.0

  '@biomejs/biome@2.4.7':
    optionalDependencies:
      '@biomejs/cli-darwin-arm64': 2.4.7
      '@biomejs/cli-darwin-x64': 2.4.7
      '@biomejs/cli-linux-arm64': 2.4.7
      '@biomejs/cli-linux-arm64-musl': 2.4.7
      '@biomejs/cli-linux-x64': 2.4.7
      '@biomejs/cli-linux-x64-musl': 2.4.7
      '@biomejs/cli-win32-arm64': 2.4.7
      '@biomejs/cli-win32-x64': 2.4.7

  '@biomejs/cli-darwin-arm64@2.4.7':
    optional: true

  '@biomejs/cli-darwin-x64@2.4.7':
    optional: true

  '@biomejs/cli-linux-arm64-musl@2.4.7':
    optional: true

  '@biomejs/cli-linux-arm64@2.4.7':
    optional: true

  '@biomejs/cli-linux-x64-musl@2.4.7':
    optional: true

  '@biomejs/cli-linux-x64@2.4.7':
    optional: true

  '@biomejs/cli-win32-arm64@2.4.7':
    optional: true

  '@biomejs/cli-win32-x64@2.4.7':
    optional: true

  '@emnapi/core@1.5.0':
    dependencies:
      '@emnapi/wasi-threads': 1.1.0
      tslib: 2.8.1
    optional: true

  '@emnapi/runtime@1.5.0':
    dependencies:
      tslib: 2.8.1
    optional: true

  '@emnapi/wasi-threads@1.1.0':
    dependencies:
      tslib: 2.8.1
    optional: true

  '@module-federation/error-codes@0.22.0': {}

  '@module-federation/runtime-core@0.22.0':
    dependencies:
      '@module-federation/error-codes': 0.22.0
      '@module-federation/sdk': 0.22.0

  '@module-federation/runtime-tools@0.22.0':
    dependencies:
      '@module-federation/runtime': 0.22.0
      '@module-federation/webpack-bundler-runtime': 0.22.0

  '@module-federation/runtime@0.22.0':
    dependencies:
      '@module-federation/error-codes': 0.22.0
      '@module-federation/runtime-core': 0.22.0
      '@module-federation/sdk': 0.22.0

  '@module-federation/sdk@0.22.0': {}

  '@module-federation/webpack-bundler-runtime@0.22.0':
    dependencies:
      '@module-federation/runtime': 0.22.0
      '@module-federation/sdk': 0.22.0

  '@napi-rs/wasm-runtime@1.0.7':
    dependencies:
      '@emnapi/core': 1.5.0
      '@emnapi/runtime': 1.5.0
      '@tybys/wasm-util': 0.10.1
    optional: true

  '@playwright/test@1.58.2':
    dependencies:
      playwright: 1.58.2

  '@rsbuild/core@1.7.3':
    dependencies:
      '@rspack/core': 1.7.7(@swc/helpers@0.5.19)
      '@rspack/lite-tapable': 1.1.0
      '@swc/helpers': 0.5.19
      core-js: 3.47.0
      jiti: 2.6.1

  '@rsbuild/core@2.0.0-beta.8(core-js@3.47.0)':
    dependencies:
      '@rspack/core': 2.0.0-beta.6(@swc/helpers@0.5.19)
      '@swc/helpers': 0.5.19
    optionalDependencies:
      core-js: 3.47.0
    transitivePeerDependencies:
      - '@module-federation/runtime-tools'

  '@rsbuild/plugin-react@1.4.6(@rsbuild/core@1.7.3)':
    dependencies:
      '@rspack/plugin-react-refresh': 1.6.1(react-refresh@0.18.0)
      react-refresh: 0.18.0
    optionalDependencies:
      '@rsbuild/core': 1.7.3
    transitivePeerDependencies:
      - webpack-hot-middleware

  '@rslib/core@0.20.0(core-js@3.47.0)(typescript@5.9.3)':
    dependencies:
      '@rsbuild/core': 2.0.0-beta.8(core-js@3.47.0)
      rsbuild-plugin-dts: 0.20.0(@rsbuild/core@2.0.0-beta.8(core-js@3.47.0))(typescript@5.9.3)
    optionalDependencies:
      typescript: 5.9.3
    transitivePeerDependencies:
      - '@module-federation/runtime-tools'
      - '@typescript/native-preview'
      - core-js

  '@rspack/binding-darwin-arm64@1.7.7':
    optional: true

  '@rspack/binding-darwin-arm64@2.0.0-beta.6':
    optional: true

  '@rspack/binding-darwin-x64@1.7.7':
    optional: true

  '@rspack/binding-darwin-x64@2.0.0-beta.6':
    optional: true

  '@rspack/binding-linux-arm64-gnu@1.7.7':
    optional: true

  '@rspack/binding-linux-arm64-gnu@2.0.0-beta.6':
    optional: true

  '@rspack/binding-linux-arm64-musl@1.7.7':
    optional: true

  '@rspack/binding-linux-arm64-musl@2.0.0-beta.6':
    optional: true

  '@rspack/binding-linux-x64-gnu@1.7.7':
    optional: true

  '@rspack/binding-linux-x64-gnu@2.0.0-beta.6':
    optional: true

  '@rspack/binding-linux-x64-musl@1.7.7':
    optional: true

  '@rspack/binding-linux-x64-musl@2.0.0-beta.6':
    optional: true

  '@rspack/binding-wasm32-wasi@1.7.7':
    dependencies:
      '@napi-rs/wasm-runtime': 1.0.7
    optional: true

  '@rspack/binding-wasm32-wasi@2.0.0-beta.6':
    dependencies:
      '@napi-rs/wasm-runtime': 1.0.7
    optional: true

  '@rspack/binding-win32-arm64-msvc@1.7.7':
    optional: true

  '@rspack/binding-win32-arm64-msvc@2.0.0-beta.6':
    optional: true

  '@rspack/binding-win32-ia32-msvc@1.7.7':
    optional: true

  '@rspack/binding-win32-ia32-msvc@2.0.0-beta.6':
    optional: true

  '@rspack/binding-win32-x64-msvc@1.7.7':
    optional: true

  '@rspack/binding-win32-x64-msvc@2.0.0-beta.6':
    optional: true

  '@rspack/binding@1.7.7':
    optionalDependencies:
      '@rspack/binding-darwin-arm64': 1.7.7
      '@rspack/binding-darwin-x64': 1.7.7
      '@rspack/binding-linux-arm64-gnu': 1.7.7
      '@rspack/binding-linux-arm64-musl': 1.7.7
      '@rspack/binding-linux-x64-gnu': 1.7.7
      '@rspack/binding-linux-x64-musl': 1.7.7
      '@rspack/binding-wasm32-wasi': 1.7.7
      '@rspack/binding-win32-arm64-msvc': 1.7.7
      '@rspack/binding-win32-ia32-msvc': 1.7.7
      '@rspack/binding-win32-x64-msvc': 1.7.7

  '@rspack/binding@2.0.0-beta.6':
    optionalDependencies:
      '@rspack/binding-darwin-arm64': 2.0.0-beta.6
      '@rspack/binding-darwin-x64': 2.0.0-beta.6
      '@rspack/binding-linux-arm64-gnu': 2.0.0-beta.6
      '@rspack/binding-linux-arm64-musl': 2.0.0-beta.6
      '@rspack/binding-linux-x64-gnu': 2.0.0-beta.6
      '@rspack/binding-linux-x64-musl': 2.0.0-beta.6
      '@rspack/binding-wasm32-wasi': 2.0.0-beta.6
      '@rspack/binding-win32-arm64-msvc': 2.0.0-beta.6
      '@rspack/binding-win32-ia32-msvc': 2.0.0-beta.6
      '@rspack/binding-win32-x64-msvc': 2.0.0-beta.6

  '@rspack/core@1.7.7(@swc/helpers@0.5.19)':
    dependencies:
      '@module-federation/runtime-tools': 0.22.0
      '@rspack/binding': 1.7.7
      '@rspack/lite-tapable': 1.1.0
    optionalDependencies:
      '@swc/helpers': 0.5.19

  '@rspack/core@2.0.0-beta.6(@swc/helpers@0.5.19)':
    dependencies:
      '@rspack/binding': 2.0.0-beta.6
    optionalDependencies:
      '@swc/helpers': 0.5.19

  '@rspack/lite-tapable@1.1.0': {}

  '@rspack/plugin-react-refresh@1.6.1(react-refresh@0.18.0)':
    dependencies:
      error-stack-parser: 2.1.4
      html-entities: 2.6.0
      react-refresh: 0.18.0

  '@swc/helpers@0.5.19':
    dependencies:
      tslib: 2.8.1

  '@tybys/wasm-util@0.10.1':
    dependencies:
      tslib: 2.8.1
    optional: true

  '@types/node@24.12.0':
    dependencies:
      undici-types: 7.16.0

  core-js@3.47.0: {}

  error-stack-parser@2.1.4:
    dependencies:
      stackframe: 1.3.4

  fsevents@2.3.2:
    optional: true

  html-entities@2.6.0: {}

  jiti@2.6.1: {}

  nano-staged@0.9.0:
    dependencies:
      picocolors: 1.0.0

  picocolors@1.0.0: {}

  playwright-core@1.58.2: {}

  playwright@1.58.2:
    dependencies:
      playwright-core: 1.58.2
    optionalDependencies:
      fsevents: 2.3.2

  react-dom@19.2.4(react@19.2.4):
    dependencies:
      react: 19.2.4
      scheduler: 0.27.0

  react-refresh@0.18.0: {}

  react@19.2.4: {}

  rsbuild-plugin-dts@0.20.0(@rsbuild/core@2.0.0-beta.8(core-js@3.47.0))(typescript@5.9.3):
    dependencies:
      '@ast-grep/napi': 0.37.0
      '@rsbuild/core': 2.0.0-beta.8(core-js@3.47.0)
    optionalDependencies:
      typescript: 5.9.3

  scheduler@0.27.0: {}

  simple-git-hooks@2.13.1: {}

  stackframe@1.3.4: {}

  tslib@2.8.1: {}

  typescript@5.9.3: {}

  undici-types@7.16.0: {}
